// !$*UTF8*$!
{
	archiveVersion = 1;
	classes = {
	};
	objectVersion = 56;
	objects = {

/* Begin PBXBuildFile section */
		7209EE1B2A66553200F2902A /* APIServiceTest.swift in Sources */ = {isa = PBXBuildFile; fileRef = 7209EE1A2A66553200F2902A /* APIServiceTest.swift */; };
		7209EE222A66554800F2902A /* MockURLSession.swift in Sources */ = {isa = PBXBuildFile; fileRef = 7209EE212A66554800F2902A /* MockURLSession.swift */; };
		7209EE252A6656D800F2902A /* URLSessionProtocol.swift in Sources */ = {isa = PBXBuildFile; fileRef = 7209EE232A66557700F2902A /* URLSessionProtocol.swift */; };
		7209EE262A66572800F2902A /* URLSessionProtocol.swift in Sources */ = {isa = PBXBuildFile; fileRef = 7209EE232A66557700F2902A /* URLSessionProtocol.swift */; };
		7209EE282A6660B000F2902A /* MockContentsData.json in Resources */ = {isa = PBXBuildFile; fileRef = 7209EE272A6660B000F2902A /* MockContentsData.json */; };
		7209EE292A6664F000F2902A /* NetworkManager.swift in Sources */ = {isa = PBXBuildFile; fileRef = 72C38C6A2A62668A005C3F7D /* NetworkManager.swift */; };
		7209EE2A2A6664FD00F2902A /* JSONManager.swift in Sources */ = {isa = PBXBuildFile; fileRef = 72520AF12A64E1A2001B8266 /* JSONManager.swift */; };
		7209EE2B2A66650100F2902A /* EndPoint.swift in Sources */ = {isa = PBXBuildFile; fileRef = 720D9EFC2A611FF60070EFEA /* EndPoint.swift */; };
		7209EE2C2A66650400F2902A /* EndPointComponents.swift in Sources */ = {isa = PBXBuildFile; fileRef = 72520AEF2A64E179001B8266 /* EndPointComponents.swift */; };
		7209EE2E2A66657D00F2902A /* LOSTARKAPIService.swift in Sources */ = {isa = PBXBuildFile; fileRef = 72520AED2A64D0C1001B8266 /* LOSTARKAPIService.swift */; };
		720D9EE12A61143E0070EFEA /* AppDelegate.swift in Sources */ = {isa = PBXBuildFile; fileRef = 720D9EE02A61143E0070EFEA /* AppDelegate.swift */; };
		720D9EE32A61143E0070EFEA /* SceneDelegate.swift in Sources */ = {isa = PBXBuildFile; fileRef = 720D9EE22A61143E0070EFEA /* SceneDelegate.swift */; };
		720D9EE52A61143E0070EFEA /* MainViewController.swift in Sources */ = {isa = PBXBuildFile; fileRef = 720D9EE42A61143E0070EFEA /* MainViewController.swift */; };
		720D9EEA2A61143F0070EFEA /* Assets.xcassets in Resources */ = {isa = PBXBuildFile; fileRef = 720D9EE92A61143F0070EFEA /* Assets.xcassets */; };
		720D9EED2A61143F0070EFEA /* LaunchScreen.storyboard in Resources */ = {isa = PBXBuildFile; fileRef = 720D9EEB2A61143F0070EFEA /* LaunchScreen.storyboard */; };
		720D9EFD2A611FF60070EFEA /* EndPoint.swift in Sources */ = {isa = PBXBuildFile; fileRef = 720D9EFC2A611FF60070EFEA /* EndPoint.swift */; };
		721476A22A932B1100156019 /* WebViewDelegate.swift in Sources */ = {isa = PBXBuildFile; fileRef = 721476A12A932B1100156019 /* WebViewDelegate.swift */; };
		7221E3172A807DB500035649 /* ButtonFooterView.swift in Sources */ = {isa = PBXBuildFile; fileRef = 7221E3162A807DB500035649 /* ButtonFooterView.swift */; };
		722C3BE62A67ABBE00E91914 /* Notice.swift in Sources */ = {isa = PBXBuildFile; fileRef = 722C3BE32A67ABBE00E91914 /* Notice.swift */; };
		722C3BE72A67ABBE00E91914 /* Event.swift in Sources */ = {isa = PBXBuildFile; fileRef = 722C3BE42A67ABBE00E91914 /* Event.swift */; };
		722C3BE82A67ABBE00E91914 /* Contents.swift in Sources */ = {isa = PBXBuildFile; fileRef = 722C3BE52A67ABBE00E91914 /* Contents.swift */; };
		723BD31D2AB9B19000EFA8AF /* RecentSearchItemViewModel.swift in Sources */ = {isa = PBXBuildFile; fileRef = 723BD31C2AB9B19000EFA8AF /* RecentSearchItemViewModel.swift */; };
		724F738F2A7E054E008923F8 /* SectionBackgroundView.swift in Sources */ = {isa = PBXBuildFile; fileRef = 724F738E2A7E054E008923F8 /* SectionBackgroundView.swift */; };
		724F73912A7E0DF3008923F8 /* BookmarkPlaceholderCell.swift in Sources */ = {isa = PBXBuildFile; fileRef = 724F73902A7E0DF3008923F8 /* BookmarkPlaceholderCell.swift */; };
		72520AEE2A64D0C1001B8266 /* LOSTARKAPIService.swift in Sources */ = {isa = PBXBuildFile; fileRef = 72520AED2A64D0C1001B8266 /* LOSTARKAPIService.swift */; };
		72520AF02A64E179001B8266 /* EndPointComponents.swift in Sources */ = {isa = PBXBuildFile; fileRef = 72520AEF2A64E179001B8266 /* EndPointComponents.swift */; };
		72520AF22A64E1A2001B8266 /* JSONManager.swift in Sources */ = {isa = PBXBuildFile; fileRef = 72520AF12A64E1A2001B8266 /* JSONManager.swift */; };
		725971D92ABAD08C0080E318 /* NoticeItemViewModel.swift in Sources */ = {isa = PBXBuildFile; fileRef = 725971D82ABAD08C0080E318 /* NoticeItemViewModel.swift */; };
		725971DB2ABAD0C40080E318 /* NoticeDTO.swift in Sources */ = {isa = PBXBuildFile; fileRef = 725971DA2ABAD0C40080E318 /* NoticeDTO.swift */; };
		725971DF2ABAD1140080E318 /* NoticeRepository.swift in Sources */ = {isa = PBXBuildFile; fileRef = 725971DE2ABAD1140080E318 /* NoticeRepository.swift */; };
		725971E12ABAD1420080E318 /* DefaultNoticeRepository.swift in Sources */ = {isa = PBXBuildFile; fileRef = 725971E02ABAD1420080E318 /* DefaultNoticeRepository.swift */; };
		725971E32ABAD1730080E318 /* FetchNoticeAPIUseCase.swift in Sources */ = {isa = PBXBuildFile; fileRef = 725971E22ABAD1730080E318 /* FetchNoticeAPIUseCase.swift */; };
		726DF2252A9469E60087A3D5 /* ArmoryProfileDTO.swift in Sources */ = {isa = PBXBuildFile; fileRef = 726DF2242A9469E60087A3D5 /* ArmoryProfileDTO.swift */; };
		7272CB1D2A7B32B3000D4720 /* CoreDataRecentSearchStorage.swift in Sources */ = {isa = PBXBuildFile; fileRef = 7272CB1C2A7B32B3000D4720 /* CoreDataRecentSearchStorage.swift */; };
		7272CB1F2A7B3499000D4720 /* CharacterBookmark.swift in Sources */ = {isa = PBXBuildFile; fileRef = 7272CB1E2A7B3499000D4720 /* CharacterBookmark.swift */; };
		72884D7F2A80F5D3002DB0B0 /* NoticeViewModel.swift in Sources */ = {isa = PBXBuildFile; fileRef = 72884D7E2A80F5D3002DB0B0 /* NoticeViewModel.swift */; };
		729187522A80B8110070BA7F /* NoticeListViewController.swift in Sources */ = {isa = PBXBuildFile; fileRef = 729187512A80B8110070BA7F /* NoticeListViewController.swift */; };
		72AD6BC92A8DD9870014651B /* MainViewModel.swift in Sources */ = {isa = PBXBuildFile; fileRef = 72AD6BC82A8DD9870014651B /* MainViewModel.swift */; };
		72AFADD02AA5E86700D345D8 /* Bookmark+extension.swift in Sources */ = {isa = PBXBuildFile; fileRef = 72AFADCF2AA5E86700D345D8 /* Bookmark+extension.swift */; };
		72AFADD62AA5ED4C00D345D8 /* CoreDataStorage.swift in Sources */ = {isa = PBXBuildFile; fileRef = 72AFADD52AA5ED4C00D345D8 /* CoreDataStorage.swift */; };
		72AFADDA2AA5EDAD00D345D8 /* CoreDataBookmarkStorage.swift in Sources */ = {isa = PBXBuildFile; fileRef = 72AFADD92AA5EDAD00D345D8 /* CoreDataBookmarkStorage.swift */; };
		72AFADDC2AA5EE9500D345D8 /* RecentCharacterInfo.swift in Sources */ = {isa = PBXBuildFile; fileRef = 72AFADDB2AA5EE9500D345D8 /* RecentCharacterInfo.swift */; };
		72B02BD62A6E79EB00D5E146 /* ImageLoader.swift in Sources */ = {isa = PBXBuildFile; fileRef = 72B02BD52A6E79EB00D5E146 /* ImageLoader.swift */; };
		72B146A62AB7047000840853 /* CollectionLayoutDirector.swift in Sources */ = {isa = PBXBuildFile; fileRef = 72B146A52AB7047000840853 /* CollectionLayoutDirector.swift */; };
		72B17D5D2ABC5ADD00D51E1B /* DefaultSearchUseCase.swift in Sources */ = {isa = PBXBuildFile; fileRef = 72B17D5C2ABC5ADD00D51E1B /* DefaultSearchUseCase.swift */; };
		72B17D602ABC5B1900D51E1B /* InteractiveBookmarkRepository.swift in Sources */ = {isa = PBXBuildFile; fileRef = 72B17D5F2ABC5B1900D51E1B /* InteractiveBookmarkRepository.swift */; };
		72B17D622ABC5B6900D51E1B /* InteractiveSearchRepository.swift in Sources */ = {isa = PBXBuildFile; fileRef = 72B17D612ABC5B6900D51E1B /* InteractiveSearchRepository.swift */; };
		72B17D642ABC5B8900D51E1B /* DefaultRecentSearchRepository.swift in Sources */ = {isa = PBXBuildFile; fileRef = 72B17D632ABC5B8900D51E1B /* DefaultRecentSearchRepository.swift */; };
		72B17D662ABC5BB400D51E1B /* BookmarkItemViewModel.swift in Sources */ = {isa = PBXBuildFile; fileRef = 72B17D652ABC5BB400D51E1B /* BookmarkItemViewModel.swift */; };
		72B84F122A71F8AD006656BF /* WebViewController.swift in Sources */ = {isa = PBXBuildFile; fileRef = 72B84F112A71F8AD006656BF /* WebViewController.swift */; };
		72C204D52ABE9EA9006048E2 /* EventRepository.swift in Sources */ = {isa = PBXBuildFile; fileRef = 72C204D42ABE9EA9006048E2 /* EventRepository.swift */; };
		72C204D72ABE9F45006048E2 /* EventDTO.swift in Sources */ = {isa = PBXBuildFile; fileRef = 72C204D62ABE9F45006048E2 /* EventDTO.swift */; };
		72C204D92ABEA09F006048E2 /* EventViewModel.swift in Sources */ = {isa = PBXBuildFile; fileRef = 72C204D82ABEA09F006048E2 /* EventViewModel.swift */; };
		72C204DB2ABEB8C4006048E2 /* CharacterProfileRepository.swift in Sources */ = {isa = PBXBuildFile; fileRef = 72C204DA2ABEB8C4006048E2 /* CharacterProfileRepository.swift */; };
		72C204DD2ABEB90E006048E2 /* ArmoryProfile.swift in Sources */ = {isa = PBXBuildFile; fileRef = 72C204DC2ABEB90E006048E2 /* ArmoryProfile.swift */; };
		72C204DF2ABEC657006048E2 /* CharacterProfileUseCase.swift in Sources */ = {isa = PBXBuildFile; fileRef = 72C204DE2ABEC657006048E2 /* CharacterProfileUseCase.swift */; };
		72C38C6B2A62668A005C3F7D /* NetworkManager.swift in Sources */ = {isa = PBXBuildFile; fileRef = 72C38C6A2A62668A005C3F7D /* NetworkManager.swift */; };
		72C427972A8F3245001C4237 /* EventUseCase.swift in Sources */ = {isa = PBXBuildFile; fileRef = 72C427962A8F3245001C4237 /* EventUseCase.swift */; };
		72C427992A8F3260001C4237 /* InterActionCoreDataUseCase.swift in Sources */ = {isa = PBXBuildFile; fileRef = 72C427982A8F3260001C4237 /* InterActionCoreDataUseCase.swift */; };
		72C4279F2A8F34C5001C4237 /* DateFormatterManager.swift in Sources */ = {isa = PBXBuildFile; fileRef = 72D2032E2A736AFA005A71A2 /* DateFormatterManager.swift */; };
		72C427A22A8F34E1001C4237 /* WebConnactable.swift in Sources */ = {isa = PBXBuildFile; fileRef = 72C427A12A8F34E1001C4237 /* WebConnactable.swift */; };
		72C427A42A8F3540001C4237 /* LayoutBuilder.swift in Sources */ = {isa = PBXBuildFile; fileRef = 72C427A32A8F3540001C4237 /* LayoutBuilder.swift */; };
		72C427A72A8F3579001C4237 /* NSCollectionLayoutSection+extension.swift in Sources */ = {isa = PBXBuildFile; fileRef = 72C427A62A8F3579001C4237 /* NSCollectionLayoutSection+extension.swift */; };
		72C427A92A8F35BF001C4237 /* UIImage+extension.swift in Sources */ = {isa = PBXBuildFile; fileRef = 72C427A82A8F35BF001C4237 /* UIImage+extension.swift */; };
		72C47B632A690433007A16D1 /* CommonHeaderView.swift in Sources */ = {isa = PBXBuildFile; fileRef = 72C47B622A690433007A16D1 /* CommonHeaderView.swift */; };
		72C6CAC72ABFCEC000DC759B /* EventDTO.swift in Sources */ = {isa = PBXBuildFile; fileRef = 72C204D62ABE9F45006048E2 /* EventDTO.swift */; };
		72C82F062ABDAEB2009636C2 /* ContentsRepository.swift in Sources */ = {isa = PBXBuildFile; fileRef = 72C82F052ABDAEB2009636C2 /* ContentsRepository.swift */; };
		72C82F082ABDAEE8009636C2 /* ContentsDTO.swift in Sources */ = {isa = PBXBuildFile; fileRef = 72C82F072ABDAEE8009636C2 /* ContentsDTO.swift */; };
		72C82F0A2ABDAF33009636C2 /* DefaultFetchAPIDataRepository.swift in Sources */ = {isa = PBXBuildFile; fileRef = 72C82F092ABDAF33009636C2 /* DefaultFetchAPIDataRepository.swift */; };
		72C82F0C2ABDAF86009636C2 /* ContentUseCase.swift in Sources */ = {isa = PBXBuildFile; fileRef = 72C82F0B2ABDAF86009636C2 /* ContentUseCase.swift */; };
		72C82F0E2ABDAFB4009636C2 /* CalendarViewModel.swift in Sources */ = {isa = PBXBuildFile; fileRef = 72C82F0D2ABDAFB4009636C2 /* CalendarViewModel.swift */; };
		72C8816A2A7C8CA60057FADF /* BookmarkCell.swift in Sources */ = {isa = PBXBuildFile; fileRef = 72C881692A7C8CA60057FADF /* BookmarkCell.swift */; };
		72CBDE082AB1BFEE003C7F64 /* BookmarkRepository.swift in Sources */ = {isa = PBXBuildFile; fileRef = 72CBDE072AB1BFEE003C7F64 /* BookmarkRepository.swift */; };
		72CD89AE2A9C24790001ABC9 /* RecentCharacterCell.swift in Sources */ = {isa = PBXBuildFile; fileRef = 72CD89AD2A9C24790001ABC9 /* RecentCharacterCell.swift */; };
		72CD89B62A9C7DCF0001ABC9 /* SimpleCharacterInfo.xcdatamodeld in Sources */ = {isa = PBXBuildFile; fileRef = 72CD89B42A9C7DCF0001ABC9 /* SimpleCharacterInfo.xcdatamodeld */; };
		72D2032F2A736AFA005A71A2 /* DateFormatterManager.swift in Sources */ = {isa = PBXBuildFile; fileRef = 72D2032E2A736AFA005A71A2 /* DateFormatterManager.swift */; };
		72D203352A7371C5005A71A2 /* ContentInfoViewController.swift in Sources */ = {isa = PBXBuildFile; fileRef = 72D203342A7371C5005A71A2 /* ContentInfoViewController.swift */; };
		72D203372A738217005A71A2 /* HStackImageLabelCell.swift in Sources */ = {isa = PBXBuildFile; fileRef = 72D203362A738217005A71A2 /* HStackImageLabelCell.swift */; };
		72D24B8B2AA58F290001B5E8 /* RecentSearch+extension.swift in Sources */ = {isa = PBXBuildFile; fileRef = 72D24B8A2AA58F290001B5E8 /* RecentSearch+extension.swift */; };
		72D43B2C2A7CE574007A5023 /* BookmarkButton.swift in Sources */ = {isa = PBXBuildFile; fileRef = 72D43B2B2A7CE574007A5023 /* BookmarkButton.swift */; };
		72DDD36B2AB58C4E006C3887 /* RecentSearchRepository.swift in Sources */ = {isa = PBXBuildFile; fileRef = 72DDD36A2AB58C4E006C3887 /* RecentSearchRepository.swift */; };
		72E1929F2A87385500A735AF /* Observable.swift in Sources */ = {isa = PBXBuildFile; fileRef = 72E1929E2A87385500A735AF /* Observable.swift */; };
		72E192A32A874FFE00A735AF /* CollectionViewLayoutBuilder.swift in Sources */ = {isa = PBXBuildFile; fileRef = 72E192A22A874FFE00A735AF /* CollectionViewLayoutBuilder.swift */; };
		72E589392A6A336C00604BA8 /* VStackImageLabelCell.swift in Sources */ = {isa = PBXBuildFile; fileRef = 72E589382A6A336C00604BA8 /* VStackImageLabelCell.swift */; };
		72EF81482AA6EA3400F42003 /* RecentSearchListViewModel.swift in Sources */ = {isa = PBXBuildFile; fileRef = 72EF81472AA6EA3400F42003 /* RecentSearchListViewModel.swift */; };
		72FA373F2A834A800052135C /* SearchViewController.swift in Sources */ = {isa = PBXBuildFile; fileRef = 72FA373E2A834A800052135C /* SearchViewController.swift */; };
		72FA37422A834AEB0052135C /* ScheduleViewController.swift in Sources */ = {isa = PBXBuildFile; fileRef = 72FA37412A834AEB0052135C /* ScheduleViewController.swift */; };
		72FB5D872AB4779400EC087E /* FetchCoreDataUseCase.swift in Sources */ = {isa = PBXBuildFile; fileRef = 72FB5D862AB4779400EC087E /* FetchCoreDataUseCase.swift */; };
		72FB5D8A2AB4785D00EC087E /* DefaultCoreDataRepository.swift in Sources */ = {isa = PBXBuildFile; fileRef = 72FB5D892AB4785D00EC087E /* DefaultCoreDataRepository.swift */; };
/* End PBXBuildFile section */

/* Begin PBXContainerItemProxy section */
		7209EE1C2A66553200F2902A /* PBXContainerItemProxy */ = {
			isa = PBXContainerItemProxy;
			containerPortal = 720D9ED52A61143E0070EFEA /* Project object */;
			proxyType = 1;
			remoteGlobalIDString = 720D9EDC2A61143E0070EFEA;
			remoteInfo = MyLOSTARK;
		};
/* End PBXContainerItemProxy section */

/* Begin PBXFileReference section */
		7209EE182A66553200F2902A /* APIServiceTest.xctest */ = {isa = PBXFileReference; explicitFileType = wrapper.cfbundle; includeInIndex = 0; path = APIServiceTest.xctest; sourceTree = BUILT_PRODUCTS_DIR; };
		7209EE1A2A66553200F2902A /* APIServiceTest.swift */ = {isa = PBXFileReference; lastKnownFileType = sourcecode.swift; path = APIServiceTest.swift; sourceTree = "<group>"; };
		7209EE212A66554800F2902A /* MockURLSession.swift */ = {isa = PBXFileReference; lastKnownFileType = sourcecode.swift; path = MockURLSession.swift; sourceTree = "<group>"; };
		7209EE232A66557700F2902A /* URLSessionProtocol.swift */ = {isa = PBXFileReference; lastKnownFileType = sourcecode.swift; path = URLSessionProtocol.swift; sourceTree = "<group>"; };
		7209EE272A6660B000F2902A /* MockContentsData.json */ = {isa = PBXFileReference; fileEncoding = 4; lastKnownFileType = text.json; path = MockContentsData.json; sourceTree = "<group>"; };
		720D9EDD2A61143E0070EFEA /* MyLOSTARK.app */ = {isa = PBXFileReference; explicitFileType = wrapper.application; includeInIndex = 0; path = MyLOSTARK.app; sourceTree = BUILT_PRODUCTS_DIR; };
		720D9EE02A61143E0070EFEA /* AppDelegate.swift */ = {isa = PBXFileReference; lastKnownFileType = sourcecode.swift; path = AppDelegate.swift; sourceTree = "<group>"; };
		720D9EE22A61143E0070EFEA /* SceneDelegate.swift */ = {isa = PBXFileReference; lastKnownFileType = sourcecode.swift; path = SceneDelegate.swift; sourceTree = "<group>"; };
		720D9EE42A61143E0070EFEA /* MainViewController.swift */ = {isa = PBXFileReference; lastKnownFileType = sourcecode.swift; path = MainViewController.swift; sourceTree = "<group>"; };
		720D9EE92A61143F0070EFEA /* Assets.xcassets */ = {isa = PBXFileReference; lastKnownFileType = folder.assetcatalog; path = Assets.xcassets; sourceTree = "<group>"; };
		720D9EEC2A61143F0070EFEA /* Base */ = {isa = PBXFileReference; lastKnownFileType = file.storyboard; name = Base; path = Base.lproj/LaunchScreen.storyboard; sourceTree = "<group>"; };
		720D9EEE2A61143F0070EFEA /* Info.plist */ = {isa = PBXFileReference; lastKnownFileType = text.plist.xml; path = Info.plist; sourceTree = "<group>"; };
		720D9EFC2A611FF60070EFEA /* EndPoint.swift */ = {isa = PBXFileReference; lastKnownFileType = sourcecode.swift; path = EndPoint.swift; sourceTree = "<group>"; };
		721476A12A932B1100156019 /* WebViewDelegate.swift */ = {isa = PBXFileReference; lastKnownFileType = sourcecode.swift; path = WebViewDelegate.swift; sourceTree = "<group>"; };
		7221E3162A807DB500035649 /* ButtonFooterView.swift */ = {isa = PBXFileReference; lastKnownFileType = sourcecode.swift; path = ButtonFooterView.swift; sourceTree = "<group>"; };
		722C3BE32A67ABBE00E91914 /* Notice.swift */ = {isa = PBXFileReference; fileEncoding = 4; lastKnownFileType = sourcecode.swift; path = Notice.swift; sourceTree = "<group>"; };
		722C3BE42A67ABBE00E91914 /* Event.swift */ = {isa = PBXFileReference; fileEncoding = 4; lastKnownFileType = sourcecode.swift; path = Event.swift; sourceTree = "<group>"; };
		722C3BE52A67ABBE00E91914 /* Contents.swift */ = {isa = PBXFileReference; fileEncoding = 4; lastKnownFileType = sourcecode.swift; path = Contents.swift; sourceTree = "<group>"; };
		723BD31C2AB9B19000EFA8AF /* RecentSearchItemViewModel.swift */ = {isa = PBXFileReference; lastKnownFileType = sourcecode.swift; path = RecentSearchItemViewModel.swift; sourceTree = "<group>"; };
		724F738E2A7E054E008923F8 /* SectionBackgroundView.swift */ = {isa = PBXFileReference; lastKnownFileType = sourcecode.swift; path = SectionBackgroundView.swift; sourceTree = "<group>"; };
		724F73902A7E0DF3008923F8 /* BookmarkPlaceholderCell.swift */ = {isa = PBXFileReference; lastKnownFileType = sourcecode.swift; path = BookmarkPlaceholderCell.swift; sourceTree = "<group>"; };
		72520AED2A64D0C1001B8266 /* LOSTARKAPIService.swift */ = {isa = PBXFileReference; lastKnownFileType = sourcecode.swift; path = LOSTARKAPIService.swift; sourceTree = "<group>"; };
		72520AEF2A64E179001B8266 /* EndPointComponents.swift */ = {isa = PBXFileReference; lastKnownFileType = sourcecode.swift; path = EndPointComponents.swift; sourceTree = "<group>"; };
		72520AF12A64E1A2001B8266 /* JSONManager.swift */ = {isa = PBXFileReference; lastKnownFileType = sourcecode.swift; path = JSONManager.swift; sourceTree = "<group>"; };
		725971D82ABAD08C0080E318 /* NoticeItemViewModel.swift */ = {isa = PBXFileReference; lastKnownFileType = sourcecode.swift; path = NoticeItemViewModel.swift; sourceTree = "<group>"; };
		725971DA2ABAD0C40080E318 /* NoticeDTO.swift */ = {isa = PBXFileReference; lastKnownFileType = sourcecode.swift; path = NoticeDTO.swift; sourceTree = "<group>"; };
		725971DE2ABAD1140080E318 /* NoticeRepository.swift */ = {isa = PBXFileReference; lastKnownFileType = sourcecode.swift; path = NoticeRepository.swift; sourceTree = "<group>"; };
		725971E02ABAD1420080E318 /* DefaultNoticeRepository.swift */ = {isa = PBXFileReference; lastKnownFileType = sourcecode.swift; path = DefaultNoticeRepository.swift; sourceTree = "<group>"; };
		725971E22ABAD1730080E318 /* FetchNoticeAPIUseCase.swift */ = {isa = PBXFileReference; lastKnownFileType = sourcecode.swift; path = FetchNoticeAPIUseCase.swift; sourceTree = "<group>"; };
		726DF2242A9469E60087A3D5 /* ArmoryProfileDTO.swift */ = {isa = PBXFileReference; lastKnownFileType = sourcecode.swift; path = ArmoryProfileDTO.swift; sourceTree = "<group>"; };
		7272CB1C2A7B32B3000D4720 /* CoreDataRecentSearchStorage.swift */ = {isa = PBXFileReference; lastKnownFileType = sourcecode.swift; path = CoreDataRecentSearchStorage.swift; sourceTree = "<group>"; };
		7272CB1E2A7B3499000D4720 /* CharacterBookmark.swift */ = {isa = PBXFileReference; lastKnownFileType = sourcecode.swift; path = CharacterBookmark.swift; sourceTree = "<group>"; };
		72884D7E2A80F5D3002DB0B0 /* NoticeViewModel.swift */ = {isa = PBXFileReference; lastKnownFileType = sourcecode.swift; path = NoticeViewModel.swift; sourceTree = "<group>"; };
		729187512A80B8110070BA7F /* NoticeListViewController.swift */ = {isa = PBXFileReference; lastKnownFileType = sourcecode.swift; path = NoticeListViewController.swift; sourceTree = "<group>"; };
		72AD6BC82A8DD9870014651B /* MainViewModel.swift */ = {isa = PBXFileReference; lastKnownFileType = sourcecode.swift; path = MainViewModel.swift; sourceTree = "<group>"; };
		72AFADCF2AA5E86700D345D8 /* Bookmark+extension.swift */ = {isa = PBXFileReference; lastKnownFileType = sourcecode.swift; path = "Bookmark+extension.swift"; sourceTree = "<group>"; };
		72AFADD52AA5ED4C00D345D8 /* CoreDataStorage.swift */ = {isa = PBXFileReference; lastKnownFileType = sourcecode.swift; path = CoreDataStorage.swift; sourceTree = "<group>"; };
		72AFADD92AA5EDAD00D345D8 /* CoreDataBookmarkStorage.swift */ = {isa = PBXFileReference; lastKnownFileType = sourcecode.swift; path = CoreDataBookmarkStorage.swift; sourceTree = "<group>"; };
		72AFADDB2AA5EE9500D345D8 /* RecentCharacterInfo.swift */ = {isa = PBXFileReference; lastKnownFileType = sourcecode.swift; path = RecentCharacterInfo.swift; sourceTree = "<group>"; };
		72B02BD52A6E79EB00D5E146 /* ImageLoader.swift */ = {isa = PBXFileReference; lastKnownFileType = sourcecode.swift; path = ImageLoader.swift; sourceTree = "<group>"; };
		72B146A52AB7047000840853 /* CollectionLayoutDirector.swift */ = {isa = PBXFileReference; lastKnownFileType = sourcecode.swift; path = CollectionLayoutDirector.swift; sourceTree = "<group>"; };
		72B17D5C2ABC5ADD00D51E1B /* DefaultSearchUseCase.swift */ = {isa = PBXFileReference; lastKnownFileType = sourcecode.swift; path = DefaultSearchUseCase.swift; sourceTree = "<group>"; };
		72B17D5F2ABC5B1900D51E1B /* InteractiveBookmarkRepository.swift */ = {isa = PBXFileReference; lastKnownFileType = sourcecode.swift; path = InteractiveBookmarkRepository.swift; sourceTree = "<group>"; };
		72B17D612ABC5B6900D51E1B /* InteractiveSearchRepository.swift */ = {isa = PBXFileReference; lastKnownFileType = sourcecode.swift; path = InteractiveSearchRepository.swift; sourceTree = "<group>"; };
		72B17D632ABC5B8900D51E1B /* DefaultRecentSearchRepository.swift */ = {isa = PBXFileReference; lastKnownFileType = sourcecode.swift; path = DefaultRecentSearchRepository.swift; sourceTree = "<group>"; };
		72B17D652ABC5BB400D51E1B /* BookmarkItemViewModel.swift */ = {isa = PBXFileReference; lastKnownFileType = sourcecode.swift; path = BookmarkItemViewModel.swift; sourceTree = "<group>"; };
		72B84F112A71F8AD006656BF /* WebViewController.swift */ = {isa = PBXFileReference; lastKnownFileType = sourcecode.swift; path = WebViewController.swift; sourceTree = "<group>"; };
		72C204D42ABE9EA9006048E2 /* EventRepository.swift */ = {isa = PBXFileReference; lastKnownFileType = sourcecode.swift; path = EventRepository.swift; sourceTree = "<group>"; };
		72C204D62ABE9F45006048E2 /* EventDTO.swift */ = {isa = PBXFileReference; lastKnownFileType = sourcecode.swift; path = EventDTO.swift; sourceTree = "<group>"; };
		72C204D82ABEA09F006048E2 /* EventViewModel.swift */ = {isa = PBXFileReference; lastKnownFileType = sourcecode.swift; path = EventViewModel.swift; sourceTree = "<group>"; };
		72C204DA2ABEB8C4006048E2 /* CharacterProfileRepository.swift */ = {isa = PBXFileReference; lastKnownFileType = sourcecode.swift; path = CharacterProfileRepository.swift; sourceTree = "<group>"; };
		72C204DC2ABEB90E006048E2 /* ArmoryProfile.swift */ = {isa = PBXFileReference; lastKnownFileType = sourcecode.swift; path = ArmoryProfile.swift; sourceTree = "<group>"; };
		72C204DE2ABEC657006048E2 /* CharacterProfileUseCase.swift */ = {isa = PBXFileReference; lastKnownFileType = sourcecode.swift; path = CharacterProfileUseCase.swift; sourceTree = "<group>"; };
		72C38C6A2A62668A005C3F7D /* NetworkManager.swift */ = {isa = PBXFileReference; lastKnownFileType = sourcecode.swift; path = NetworkManager.swift; sourceTree = "<group>"; };
		72C427962A8F3245001C4237 /* EventUseCase.swift */ = {isa = PBXFileReference; lastKnownFileType = sourcecode.swift; path = EventUseCase.swift; sourceTree = "<group>"; };
		72C427982A8F3260001C4237 /* InterActionCoreDataUseCase.swift */ = {isa = PBXFileReference; lastKnownFileType = sourcecode.swift; path = InterActionCoreDataUseCase.swift; sourceTree = "<group>"; };
		72C427A12A8F34E1001C4237 /* WebConnactable.swift */ = {isa = PBXFileReference; lastKnownFileType = sourcecode.swift; path = WebConnactable.swift; sourceTree = "<group>"; };
		72C427A32A8F3540001C4237 /* LayoutBuilder.swift */ = {isa = PBXFileReference; lastKnownFileType = sourcecode.swift; path = LayoutBuilder.swift; sourceTree = "<group>"; };
		72C427A62A8F3579001C4237 /* NSCollectionLayoutSection+extension.swift */ = {isa = PBXFileReference; lastKnownFileType = sourcecode.swift; path = "NSCollectionLayoutSection+extension.swift"; sourceTree = "<group>"; };
		72C427A82A8F35BF001C4237 /* UIImage+extension.swift */ = {isa = PBXFileReference; lastKnownFileType = sourcecode.swift; path = "UIImage+extension.swift"; sourceTree = "<group>"; };
		72C47B622A690433007A16D1 /* CommonHeaderView.swift */ = {isa = PBXFileReference; lastKnownFileType = sourcecode.swift; path = CommonHeaderView.swift; sourceTree = "<group>"; };
		72C82F052ABDAEB2009636C2 /* ContentsRepository.swift */ = {isa = PBXFileReference; lastKnownFileType = sourcecode.swift; path = ContentsRepository.swift; sourceTree = "<group>"; };
		72C82F072ABDAEE8009636C2 /* ContentsDTO.swift */ = {isa = PBXFileReference; lastKnownFileType = sourcecode.swift; path = ContentsDTO.swift; sourceTree = "<group>"; };
		72C82F092ABDAF33009636C2 /* DefaultFetchAPIDataRepository.swift */ = {isa = PBXFileReference; lastKnownFileType = sourcecode.swift; path = DefaultFetchAPIDataRepository.swift; sourceTree = "<group>"; };
		72C82F0B2ABDAF86009636C2 /* ContentUseCase.swift */ = {isa = PBXFileReference; lastKnownFileType = sourcecode.swift; path = ContentUseCase.swift; sourceTree = "<group>"; };
		72C82F0D2ABDAFB4009636C2 /* CalendarViewModel.swift */ = {isa = PBXFileReference; lastKnownFileType = sourcecode.swift; path = CalendarViewModel.swift; sourceTree = "<group>"; };
		72C881692A7C8CA60057FADF /* BookmarkCell.swift */ = {isa = PBXFileReference; lastKnownFileType = sourcecode.swift; path = BookmarkCell.swift; sourceTree = "<group>"; };
		72CBDE072AB1BFEE003C7F64 /* BookmarkRepository.swift */ = {isa = PBXFileReference; lastKnownFileType = sourcecode.swift; path = BookmarkRepository.swift; sourceTree = "<group>"; };
		72CD89AD2A9C24790001ABC9 /* RecentCharacterCell.swift */ = {isa = PBXFileReference; lastKnownFileType = sourcecode.swift; path = RecentCharacterCell.swift; sourceTree = "<group>"; };
		72CD89B52A9C7DCF0001ABC9 /* SimpleCharacterInfo.xcdatamodel */ = {isa = PBXFileReference; lastKnownFileType = wrapper.xcdatamodel; path = SimpleCharacterInfo.xcdatamodel; sourceTree = "<group>"; };
		72D2032E2A736AFA005A71A2 /* DateFormatterManager.swift */ = {isa = PBXFileReference; lastKnownFileType = sourcecode.swift; path = DateFormatterManager.swift; sourceTree = "<group>"; };
		72D203342A7371C5005A71A2 /* ContentInfoViewController.swift */ = {isa = PBXFileReference; lastKnownFileType = sourcecode.swift; path = ContentInfoViewController.swift; sourceTree = "<group>"; };
		72D203362A738217005A71A2 /* HStackImageLabelCell.swift */ = {isa = PBXFileReference; lastKnownFileType = sourcecode.swift; path = HStackImageLabelCell.swift; sourceTree = "<group>"; };
		72D24B8A2AA58F290001B5E8 /* RecentSearch+extension.swift */ = {isa = PBXFileReference; lastKnownFileType = sourcecode.swift; path = "RecentSearch+extension.swift"; sourceTree = "<group>"; };
		72D43B2B2A7CE574007A5023 /* BookmarkButton.swift */ = {isa = PBXFileReference; lastKnownFileType = sourcecode.swift; path = BookmarkButton.swift; sourceTree = "<group>"; };
		72DDD36A2AB58C4E006C3887 /* RecentSearchRepository.swift */ = {isa = PBXFileReference; lastKnownFileType = sourcecode.swift; path = RecentSearchRepository.swift; sourceTree = "<group>"; };
		72E1929E2A87385500A735AF /* Observable.swift */ = {isa = PBXFileReference; lastKnownFileType = sourcecode.swift; path = Observable.swift; sourceTree = "<group>"; };
		72E192A22A874FFE00A735AF /* CollectionViewLayoutBuilder.swift */ = {isa = PBXFileReference; lastKnownFileType = sourcecode.swift; path = CollectionViewLayoutBuilder.swift; sourceTree = "<group>"; };
		72E589382A6A336C00604BA8 /* VStackImageLabelCell.swift */ = {isa = PBXFileReference; lastKnownFileType = sourcecode.swift; path = VStackImageLabelCell.swift; sourceTree = "<group>"; };
		72EF81472AA6EA3400F42003 /* RecentSearchListViewModel.swift */ = {isa = PBXFileReference; lastKnownFileType = sourcecode.swift; path = RecentSearchListViewModel.swift; sourceTree = "<group>"; };
		72FA373E2A834A800052135C /* SearchViewController.swift */ = {isa = PBXFileReference; lastKnownFileType = sourcecode.swift; path = SearchViewController.swift; sourceTree = "<group>"; };
		72FA37412A834AEB0052135C /* ScheduleViewController.swift */ = {isa = PBXFileReference; lastKnownFileType = sourcecode.swift; path = ScheduleViewController.swift; sourceTree = "<group>"; };
		72FB5D862AB4779400EC087E /* FetchCoreDataUseCase.swift */ = {isa = PBXFileReference; lastKnownFileType = sourcecode.swift; path = FetchCoreDataUseCase.swift; sourceTree = "<group>"; };
		72FB5D892AB4785D00EC087E /* DefaultCoreDataRepository.swift */ = {isa = PBXFileReference; lastKnownFileType = sourcecode.swift; path = DefaultCoreDataRepository.swift; sourceTree = "<group>"; };
/* End PBXFileReference section */

/* Begin PBXFrameworksBuildPhase section */
		7209EE152A66553200F2902A /* Frameworks */ = {
			isa = PBXFrameworksBuildPhase;
			buildActionMask = 2147483647;
			files = (
			);
			runOnlyForDeploymentPostprocessing = 0;
		};
		720D9EDA2A61143E0070EFEA /* Frameworks */ = {
			isa = PBXFrameworksBuildPhase;
			buildActionMask = 2147483647;
			files = (
			);
			runOnlyForDeploymentPostprocessing = 0;
		};
/* End PBXFrameworksBuildPhase section */

/* Begin PBXGroup section */
		7209EE192A66553200F2902A /* APIServiceTest */ = {
			isa = PBXGroup;
			children = (
				7209EE272A6660B000F2902A /* MockContentsData.json */,
				7209EE212A66554800F2902A /* MockURLSession.swift */,
				7209EE1A2A66553200F2902A /* APIServiceTest.swift */,
			);
			path = APIServiceTest;
			sourceTree = "<group>";
		};
		720D9ED42A61143E0070EFEA = {
			isa = PBXGroup;
			children = (
				720D9EDF2A61143E0070EFEA /* MyLOSTARK */,
				7209EE192A66553200F2902A /* APIServiceTest */,
				720D9EDE2A61143E0070EFEA /* Products */,
			);
			sourceTree = "<group>";
		};
		720D9EDE2A61143E0070EFEA /* Products */ = {
			isa = PBXGroup;
			children = (
				720D9EDD2A61143E0070EFEA /* MyLOSTARK.app */,
				7209EE182A66553200F2902A /* APIServiceTest.xctest */,
			);
			name = Products;
			sourceTree = "<group>";
		};
		720D9EDF2A61143E0070EFEA /* MyLOSTARK */ = {
			isa = PBXGroup;
			children = (
				720D9EE02A61143E0070EFEA /* AppDelegate.swift */,
				720D9EE22A61143E0070EFEA /* SceneDelegate.swift */,
				72C4279A2A8F328B001C4237 /* Infra */,
				726DF2212A9469810087A3D5 /* Data */,
				720D9EF42A6116090070EFEA /* Domain */,
				72C427AA2A8F373D001C4237 /* Presentation */,
				720D9EE92A61143F0070EFEA /* Assets.xcassets */,
				720D9EEB2A61143F0070EFEA /* LaunchScreen.storyboard */,
				720D9EEE2A61143F0070EFEA /* Info.plist */,
			);
			path = MyLOSTARK;
			sourceTree = "<group>";
		};
		720D9EF42A6116090070EFEA /* Domain */ = {
			isa = PBXGroup;
			children = (
				72C4279D2A8F342C001C4237 /* Entities */,
				72C427952A8F3209001C4237 /* UseCase */,
				72FB5D882AB4784800EC087E /* Utils */,
			);
			path = Domain;
			sourceTree = "<group>";
		};
		720D9EFB2A611FE50070EFEA /* Network */ = {
			isa = PBXGroup;
			children = (
				7209EE232A66557700F2902A /* URLSessionProtocol.swift */,
				72C38C6A2A62668A005C3F7D /* NetworkManager.swift */,
				72B02BD52A6E79EB00D5E146 /* ImageLoader.swift */,
			);
			path = Network;
			sourceTree = "<group>";
		};
		722C3BCA2A678A7000E91914 /* ViewModel */ = {
			isa = PBXGroup;
			children = (
				72AD6BC82A8DD9870014651B /* MainViewModel.swift */,
				72C82F0D2ABDAFB4009636C2 /* CalendarViewModel.swift */,
				72884D7E2A80F5D3002DB0B0 /* NoticeViewModel.swift */,
				72C204D82ABEA09F006048E2 /* EventViewModel.swift */,
				725971D82ABAD08C0080E318 /* NoticeItemViewModel.swift */,
				72B17D652ABC5BB400D51E1B /* BookmarkItemViewModel.swift */,
			);
			path = ViewModel;
			sourceTree = "<group>";
		};
		725971DC2ABAD0F50080E318 /* CoreData */ = {
			isa = PBXGroup;
			children = (
				72CBDE072AB1BFEE003C7F64 /* BookmarkRepository.swift */,
				72DDD36A2AB58C4E006C3887 /* RecentSearchRepository.swift */,
			);
			path = CoreData;
			sourceTree = "<group>";
		};
		725971DD2ABAD0FC0080E318 /* Network */ = {
			isa = PBXGroup;
			children = (
				72C82F052ABDAEB2009636C2 /* ContentsRepository.swift */,
				725971DE2ABAD1140080E318 /* NoticeRepository.swift */,
				72C204D42ABE9EA9006048E2 /* EventRepository.swift */,
				72C204DA2ABEB8C4006048E2 /* CharacterProfileRepository.swift */,
			);
			path = Network;
			sourceTree = "<group>";
		};
		726DF2212A9469810087A3D5 /* Data */ = {
			isa = PBXGroup;
			children = (
				72CBDE062AB1BFCF003C7F64 /* Repository */,
				72AFADD42AA5EBE900D345D8 /* CoreData */,
				72AFADDF2AA5EF7C00D345D8 /* Network */,
			);
			path = Data;
			sourceTree = "<group>";
		};
		726DF2232A9469B50087A3D5 /* LOSTARKDTO */ = {
			isa = PBXGroup;
			children = (
				72C82F072ABDAEE8009636C2 /* ContentsDTO.swift */,
				725971DA2ABAD0C40080E318 /* NoticeDTO.swift */,
				72C204D62ABE9F45006048E2 /* EventDTO.swift */,
				726DF2242A9469E60087A3D5 /* ArmoryProfileDTO.swift */,
			);
			path = LOSTARKDTO;
			sourceTree = "<group>";
		};
		72AFADD42AA5EBE900D345D8 /* CoreData */ = {
			isa = PBXGroup;
			children = (
				72AFADD82AA5ED9100D345D8 /* RecentSearch */,
				72AFADD72AA5ED8900D345D8 /* Bookmark */,
				72AFADD52AA5ED4C00D345D8 /* CoreDataStorage.swift */,
				72CD89B42A9C7DCF0001ABC9 /* SimpleCharacterInfo.xcdatamodeld */,
			);
			path = CoreData;
			sourceTree = "<group>";
		};
		72AFADD72AA5ED8900D345D8 /* Bookmark */ = {
			isa = PBXGroup;
			children = (
				72AFADCF2AA5E86700D345D8 /* Bookmark+extension.swift */,
				72AFADD92AA5EDAD00D345D8 /* CoreDataBookmarkStorage.swift */,
			);
			path = Bookmark;
			sourceTree = "<group>";
		};
		72AFADD82AA5ED9100D345D8 /* RecentSearch */ = {
			isa = PBXGroup;
			children = (
				72D24B8A2AA58F290001B5E8 /* RecentSearch+extension.swift */,
				7272CB1C2A7B32B3000D4720 /* CoreDataRecentSearchStorage.swift */,
			);
			path = RecentSearch;
			sourceTree = "<group>";
		};
		72AFADDD2AA5EF1700D345D8 /* Network */ = {
			isa = PBXGroup;
			children = (
				722C3BE32A67ABBE00E91914 /* Notice.swift */,
				722C3BE42A67ABBE00E91914 /* Event.swift */,
				722C3BE52A67ABBE00E91914 /* Contents.swift */,
				72C204DC2ABEB90E006048E2 /* ArmoryProfile.swift */,
			);
			path = Network;
			sourceTree = "<group>";
		};
		72AFADDE2AA5EF2500D345D8 /* CoreData */ = {
			isa = PBXGroup;
			children = (
				7272CB1E2A7B3499000D4720 /* CharacterBookmark.swift */,
				72AFADDB2AA5EE9500D345D8 /* RecentCharacterInfo.swift */,
			);
			path = CoreData;
			sourceTree = "<group>";
		};
		72AFADDF2AA5EF7C00D345D8 /* Network */ = {
			isa = PBXGroup;
			children = (
				72520AED2A64D0C1001B8266 /* LOSTARKAPIService.swift */,
				720D9EFC2A611FF60070EFEA /* EndPoint.swift */,
				72520AEF2A64E179001B8266 /* EndPointComponents.swift */,
				726DF2232A9469B50087A3D5 /* LOSTARKDTO */,
			);
			path = Network;
			sourceTree = "<group>";
		};
		72B17D5B2ABC5AA700D51E1B /* CoreData */ = {
			isa = PBXGroup;
			children = (
				72FB5D862AB4779400EC087E /* FetchCoreDataUseCase.swift */,
				72C427982A8F3260001C4237 /* InterActionCoreDataUseCase.swift */,
				72B17D5C2ABC5ADD00D51E1B /* DefaultSearchUseCase.swift */,
			);
			path = CoreData;
			sourceTree = "<group>";
		};
		72B17D5E2ABC5B0400D51E1B /* CoreData */ = {
			isa = PBXGroup;
			children = (
				72FB5D892AB4785D00EC087E /* DefaultCoreDataRepository.swift */,
				72B17D5F2ABC5B1900D51E1B /* InteractiveBookmarkRepository.swift */,
				72B17D612ABC5B6900D51E1B /* InteractiveSearchRepository.swift */,
				72B17D632ABC5B8900D51E1B /* DefaultRecentSearchRepository.swift */,
			);
			path = CoreData;
			sourceTree = "<group>";
		};
		72C427952A8F3209001C4237 /* UseCase */ = {
			isa = PBXGroup;
			children = (
				72B17D5B2ABC5AA700D51E1B /* CoreData */,
				72C82F0B2ABDAF86009636C2 /* ContentUseCase.swift */,
				725971E22ABAD1730080E318 /* FetchNoticeAPIUseCase.swift */,
				72C427962A8F3245001C4237 /* EventUseCase.swift */,
				72C204DE2ABEC657006048E2 /* CharacterProfileUseCase.swift */,
			);
			path = UseCase;
			sourceTree = "<group>";
		};
		72C4279A2A8F328B001C4237 /* Infra */ = {
			isa = PBXGroup;
			children = (
				72C4279E2A8F34BB001C4237 /* Mapping */,
				720D9EFB2A611FE50070EFEA /* Network */,
			);
			path = Infra;
			sourceTree = "<group>";
		};
		72C4279D2A8F342C001C4237 /* Entities */ = {
			isa = PBXGroup;
			children = (
				72AFADDE2AA5EF2500D345D8 /* CoreData */,
				72AFADDD2AA5EF1700D345D8 /* Network */,
			);
			path = Entities;
			sourceTree = "<group>";
		};
		72C4279E2A8F34BB001C4237 /* Mapping */ = {
			isa = PBXGroup;
			children = (
				72520AF12A64E1A2001B8266 /* JSONManager.swift */,
				72D2032E2A736AFA005A71A2 /* DateFormatterManager.swift */,
			);
			path = Mapping;
			sourceTree = "<group>";
		};
		72C427A02A8F34C8001C4237 /* Protocol */ = {
			isa = PBXGroup;
			children = (
				72C427A12A8F34E1001C4237 /* WebConnactable.swift */,
				72C427A32A8F3540001C4237 /* LayoutBuilder.swift */,
				721476A12A932B1100156019 /* WebViewDelegate.swift */,
			);
			path = Protocol;
			sourceTree = "<group>";
		};
		72C427A52A8F3560001C4237 /* Extension */ = {
			isa = PBXGroup;
			children = (
				72C427A62A8F3579001C4237 /* NSCollectionLayoutSection+extension.swift */,
				72C427A82A8F35BF001C4237 /* UIImage+extension.swift */,
			);
			path = Extension;
			sourceTree = "<group>";
		};
		72C427AA2A8F373D001C4237 /* Presentation */ = {
			isa = PBXGroup;
			children = (
				72C427AC2A8F37DD001C4237 /* CustomUI */,
				72D203312A736ECF005A71A2 /* Main */,
				72FA373D2A834A690052135C /* Search */,
				72FA37402A834AB30052135C /* Schedule */,
				72C427AB2A8F3787001C4237 /* Utils */,
			);
			path = Presentation;
			sourceTree = "<group>";
		};
		72C427AB2A8F3787001C4237 /* Utils */ = {
			isa = PBXGroup;
			children = (
				72C427A02A8F34C8001C4237 /* Protocol */,
				72C427A52A8F3560001C4237 /* Extension */,
				72E1929E2A87385500A735AF /* Observable.swift */,
				72E192A22A874FFE00A735AF /* CollectionViewLayoutBuilder.swift */,
				72B146A52AB7047000840853 /* CollectionLayoutDirector.swift */,
			);
			path = Utils;
			sourceTree = "<group>";
		};
		72C427AC2A8F37DD001C4237 /* CustomUI */ = {
			isa = PBXGroup;
			children = (
				72D43B2B2A7CE574007A5023 /* BookmarkButton.swift */,
				7221E3162A807DB500035649 /* ButtonFooterView.swift */,
				72C47B622A690433007A16D1 /* CommonHeaderView.swift */,
				724F738E2A7E054E008923F8 /* SectionBackgroundView.swift */,
			);
			path = CustomUI;
			sourceTree = "<group>";
		};
		72CBDE062AB1BFCF003C7F64 /* Repository */ = {
			isa = PBXGroup;
			children = (
				725971DC2ABAD0F50080E318 /* CoreData */,
				725971DD2ABAD0FC0080E318 /* Network */,
			);
			path = Repository;
			sourceTree = "<group>";
		};
		72CD89AC2A9C24510001ABC9 /* Cell */ = {
			isa = PBXGroup;
			children = (
				72CD89AD2A9C24790001ABC9 /* RecentCharacterCell.swift */,
			);
			path = Cell;
			sourceTree = "<group>";
		};
		72D203312A736ECF005A71A2 /* Main */ = {
			isa = PBXGroup;
			children = (
				720D9EE42A61143E0070EFEA /* MainViewController.swift */,
				72B84F112A71F8AD006656BF /* WebViewController.swift */,
				72D203342A7371C5005A71A2 /* ContentInfoViewController.swift */,
				729187512A80B8110070BA7F /* NoticeListViewController.swift */,
				72D203322A736EDF005A71A2 /* Cell */,
				722C3BCA2A678A7000E91914 /* ViewModel */,
			);
			path = Main;
			sourceTree = "<group>";
		};
		72D203322A736EDF005A71A2 /* Cell */ = {
			isa = PBXGroup;
			children = (
				72E589382A6A336C00604BA8 /* VStackImageLabelCell.swift */,
				72D203362A738217005A71A2 /* HStackImageLabelCell.swift */,
				72C881692A7C8CA60057FADF /* BookmarkCell.swift */,
				724F73902A7E0DF3008923F8 /* BookmarkPlaceholderCell.swift */,
			);
			path = Cell;
			sourceTree = "<group>";
		};
		72EF81462AA6E9F600F42003 /* ViewModel */ = {
			isa = PBXGroup;
			children = (
				72EF81472AA6EA3400F42003 /* RecentSearchListViewModel.swift */,
				723BD31C2AB9B19000EFA8AF /* RecentSearchItemViewModel.swift */,
			);
			path = ViewModel;
			sourceTree = "<group>";
		};
		72FA373D2A834A690052135C /* Search */ = {
			isa = PBXGroup;
			children = (
				72FA373E2A834A800052135C /* SearchViewController.swift */,
				72CD89AC2A9C24510001ABC9 /* Cell */,
				72EF81462AA6E9F600F42003 /* ViewModel */,
			);
			path = Search;
			sourceTree = "<group>";
		};
		72FA37402A834AB30052135C /* Schedule */ = {
			isa = PBXGroup;
			children = (
				72FA37412A834AEB0052135C /* ScheduleViewController.swift */,
			);
			path = Schedule;
			sourceTree = "<group>";
		};
		72FB5D882AB4784800EC087E /* Utils */ = {
			isa = PBXGroup;
			children = (
				72B17D5E2ABC5B0400D51E1B /* CoreData */,
				72C82F092ABDAF33009636C2 /* DefaultFetchAPIDataRepository.swift */,
				725971E02ABAD1420080E318 /* DefaultNoticeRepository.swift */,
			);
			path = Utils;
			sourceTree = "<group>";
		};
/* End PBXGroup section */

/* Begin PBXNativeTarget section */
		7209EE172A66553200F2902A /* APIServiceTest */ = {
			isa = PBXNativeTarget;
			buildConfigurationList = 7209EE202A66553200F2902A /* Build configuration list for PBXNativeTarget "APIServiceTest" */;
			buildPhases = (
				7209EE142A66553200F2902A /* Sources */,
				7209EE152A66553200F2902A /* Frameworks */,
				7209EE162A66553200F2902A /* Resources */,
			);
			buildRules = (
			);
			dependencies = (
				7209EE1D2A66553200F2902A /* PBXTargetDependency */,
			);
			name = APIServiceTest;
			productName = APIServiceTest;
			productReference = 7209EE182A66553200F2902A /* APIServiceTest.xctest */;
			productType = "com.apple.product-type.bundle.unit-test";
		};
		720D9EDC2A61143E0070EFEA /* MyLOSTARK */ = {
			isa = PBXNativeTarget;
			buildConfigurationList = 720D9EF12A61143F0070EFEA /* Build configuration list for PBXNativeTarget "MyLOSTARK" */;
			buildPhases = (
				720D9ED92A61143E0070EFEA /* Sources */,
				720D9EDA2A61143E0070EFEA /* Frameworks */,
				720D9EDB2A61143E0070EFEA /* Resources */,
			);
			buildRules = (
			);
			dependencies = (
			);
			name = MyLOSTARK;
			productName = MyLOSTARK;
			productReference = 720D9EDD2A61143E0070EFEA /* MyLOSTARK.app */;
			productType = "com.apple.product-type.application";
		};
/* End PBXNativeTarget section */

/* Begin PBXProject section */
		720D9ED52A61143E0070EFEA /* Project object */ = {
			isa = PBXProject;
			attributes = {
				BuildIndependentTargetsInParallel = 1;
				LastSwiftUpdateCheck = 1430;
				LastUpgradeCheck = 1430;
				TargetAttributes = {
					7209EE172A66553200F2902A = {
						CreatedOnToolsVersion = 14.3.1;
						TestTargetID = 720D9EDC2A61143E0070EFEA;
					};
					720D9EDC2A61143E0070EFEA = {
						CreatedOnToolsVersion = 14.3.1;
					};
				};
			};
			buildConfigurationList = 720D9ED82A61143E0070EFEA /* Build configuration list for PBXProject "MyLOSTARK" */;
			compatibilityVersion = "Xcode 14.0";
			developmentRegion = en;
			hasScannedForEncodings = 0;
			knownRegions = (
				en,
				Base,
			);
			mainGroup = 720D9ED42A61143E0070EFEA;
			productRefGroup = 720D9EDE2A61143E0070EFEA /* Products */;
			projectDirPath = "";
			projectRoot = "";
			targets = (
				720D9EDC2A61143E0070EFEA /* MyLOSTARK */,
				7209EE172A66553200F2902A /* APIServiceTest */,
			);
		};
/* End PBXProject section */

/* Begin PBXResourcesBuildPhase section */
		7209EE162A66553200F2902A /* Resources */ = {
			isa = PBXResourcesBuildPhase;
			buildActionMask = 2147483647;
			files = (
				7209EE282A6660B000F2902A /* MockContentsData.json in Resources */,
			);
			runOnlyForDeploymentPostprocessing = 0;
		};
		720D9EDB2A61143E0070EFEA /* Resources */ = {
			isa = PBXResourcesBuildPhase;
			buildActionMask = 2147483647;
			files = (
				720D9EED2A61143F0070EFEA /* LaunchScreen.storyboard in Resources */,
				720D9EEA2A61143F0070EFEA /* Assets.xcassets in Resources */,
			);
			runOnlyForDeploymentPostprocessing = 0;
		};
/* End PBXResourcesBuildPhase section */

/* Begin PBXSourcesBuildPhase section */
		7209EE142A66553200F2902A /* Sources */ = {
			isa = PBXSourcesBuildPhase;
			buildActionMask = 2147483647;
			files = (
				7209EE2B2A66650100F2902A /* EndPoint.swift in Sources */,
				72C4279F2A8F34C5001C4237 /* DateFormatterManager.swift in Sources */,
				7209EE2E2A66657D00F2902A /* LOSTARKAPIService.swift in Sources */,
				7209EE2C2A66650400F2902A /* EndPointComponents.swift in Sources */,
				7209EE292A6664F000F2902A /* NetworkManager.swift in Sources */,
				7209EE262A66572800F2902A /* URLSessionProtocol.swift in Sources */,
				72C6CAC72ABFCEC000DC759B /* EventDTO.swift in Sources */,
				7209EE222A66554800F2902A /* MockURLSession.swift in Sources */,
				7209EE2A2A6664FD00F2902A /* JSONManager.swift in Sources */,
				7209EE1B2A66553200F2902A /* APIServiceTest.swift in Sources */,
			);
			runOnlyForDeploymentPostprocessing = 0;
		};
		720D9ED92A61143E0070EFEA /* Sources */ = {
			isa = PBXSourcesBuildPhase;
			buildActionMask = 2147483647;
			files = (
				7209EE252A6656D800F2902A /* URLSessionProtocol.swift in Sources */,
				725971DB2ABAD0C40080E318 /* NoticeDTO.swift in Sources */,
				72D43B2C2A7CE574007A5023 /* BookmarkButton.swift in Sources */,
				72FB5D872AB4779400EC087E /* FetchCoreDataUseCase.swift in Sources */,
				720D9EE52A61143E0070EFEA /* MainViewController.swift in Sources */,
				72520AF22A64E1A2001B8266 /* JSONManager.swift in Sources */,
				72B17D662ABC5BB400D51E1B /* BookmarkItemViewModel.swift in Sources */,
				72E589392A6A336C00604BA8 /* VStackImageLabelCell.swift in Sources */,
				72C204DB2ABEB8C4006048E2 /* CharacterProfileRepository.swift in Sources */,
				729187522A80B8110070BA7F /* NoticeListViewController.swift in Sources */,
				72EF81482AA6EA3400F42003 /* RecentSearchListViewModel.swift in Sources */,
				7221E3172A807DB500035649 /* ButtonFooterView.swift in Sources */,
				7272CB1D2A7B32B3000D4720 /* CoreDataRecentSearchStorage.swift in Sources */,
				725971E12ABAD1420080E318 /* DefaultNoticeRepository.swift in Sources */,
				7272CB1F2A7B3499000D4720 /* CharacterBookmark.swift in Sources */,
				72C427A42A8F3540001C4237 /* LayoutBuilder.swift in Sources */,
				72520AEE2A64D0C1001B8266 /* LOSTARKAPIService.swift in Sources */,
				72AD6BC92A8DD9870014651B /* MainViewModel.swift in Sources */,
				72FA373F2A834A800052135C /* SearchViewController.swift in Sources */,
				721476A22A932B1100156019 /* WebViewDelegate.swift in Sources */,
				724F738F2A7E054E008923F8 /* SectionBackgroundView.swift in Sources */,
				72B17D642ABC5B8900D51E1B /* DefaultRecentSearchRepository.swift in Sources */,
				724F73912A7E0DF3008923F8 /* BookmarkPlaceholderCell.swift in Sources */,
				722C3BE72A67ABBE00E91914 /* Event.swift in Sources */,
				72FB5D8A2AB4785D00EC087E /* DefaultCoreDataRepository.swift in Sources */,
				72E192A32A874FFE00A735AF /* CollectionViewLayoutBuilder.swift in Sources */,
				72C427A72A8F3579001C4237 /* NSCollectionLayoutSection+extension.swift in Sources */,
				72C427992A8F3260001C4237 /* InterActionCoreDataUseCase.swift in Sources */,
				722C3BE62A67ABBE00E91914 /* Notice.swift in Sources */,
				725971E32ABAD1730080E318 /* FetchNoticeAPIUseCase.swift in Sources */,
				726DF2252A9469E60087A3D5 /* ArmoryProfileDTO.swift in Sources */,
				72CBDE082AB1BFEE003C7F64 /* BookmarkRepository.swift in Sources */,
				72FA37422A834AEB0052135C /* ScheduleViewController.swift in Sources */,
				72C47B632A690433007A16D1 /* CommonHeaderView.swift in Sources */,
				722C3BE82A67ABBE00E91914 /* Contents.swift in Sources */,
				72C82F0E2ABDAFB4009636C2 /* CalendarViewModel.swift in Sources */,
				72B02BD62A6E79EB00D5E146 /* ImageLoader.swift in Sources */,
				72C82F062ABDAEB2009636C2 /* ContentsRepository.swift in Sources */,
				72C82F0A2ABDAF33009636C2 /* DefaultFetchAPIDataRepository.swift in Sources */,
				72B17D5D2ABC5ADD00D51E1B /* DefaultSearchUseCase.swift in Sources */,
				720D9EE12A61143E0070EFEA /* AppDelegate.swift in Sources */,
				72CD89B62A9C7DCF0001ABC9 /* SimpleCharacterInfo.xcdatamodeld in Sources */,
				72C82F0C2ABDAF86009636C2 /* ContentUseCase.swift in Sources */,
				72B146A62AB7047000840853 /* CollectionLayoutDirector.swift in Sources */,
				725971DF2ABAD1140080E318 /* NoticeRepository.swift in Sources */,
				72C38C6B2A62668A005C3F7D /* NetworkManager.swift in Sources */,
				72CD89AE2A9C24790001ABC9 /* RecentCharacterCell.swift in Sources */,
				723BD31D2AB9B19000EFA8AF /* RecentSearchItemViewModel.swift in Sources */,
				72C204DD2ABEB90E006048E2 /* ArmoryProfile.swift in Sources */,
				72C82F082ABDAEE8009636C2 /* ContentsDTO.swift in Sources */,
				72AFADDC2AA5EE9500D345D8 /* RecentCharacterInfo.swift in Sources */,
				72C204D52ABE9EA9006048E2 /* EventRepository.swift in Sources */,
				72AFADD62AA5ED4C00D345D8 /* CoreDataStorage.swift in Sources */,
				72520AF02A64E179001B8266 /* EndPointComponents.swift in Sources */,
				72D2032F2A736AFA005A71A2 /* DateFormatterManager.swift in Sources */,
				72C204DF2ABEC657006048E2 /* CharacterProfileUseCase.swift in Sources */,
				72C427972A8F3245001C4237 /* EventUseCase.swift in Sources */,
				72B17D602ABC5B1900D51E1B /* InteractiveBookmarkRepository.swift in Sources */,
				72D24B8B2AA58F290001B5E8 /* RecentSearch+extension.swift in Sources */,
				72D203372A738217005A71A2 /* HStackImageLabelCell.swift in Sources */,
				72D203352A7371C5005A71A2 /* ContentInfoViewController.swift in Sources */,
				72B84F122A71F8AD006656BF /* WebViewController.swift in Sources */,
				72C8816A2A7C8CA60057FADF /* BookmarkCell.swift in Sources */,
				72C204D92ABEA09F006048E2 /* EventViewModel.swift in Sources */,
				72AFADD02AA5E86700D345D8 /* Bookmark+extension.swift in Sources */,
				72E1929F2A87385500A735AF /* Observable.swift in Sources */,
				72B17D622ABC5B6900D51E1B /* InteractiveSearchRepository.swift in Sources */,
				725971D92ABAD08C0080E318 /* NoticeItemViewModel.swift in Sources */,
				720D9EFD2A611FF60070EFEA /* EndPoint.swift in Sources */,
				72884D7F2A80F5D3002DB0B0 /* NoticeViewModel.swift in Sources */,
				72C204D72ABE9F45006048E2 /* EventDTO.swift in Sources */,
				72AFADDA2AA5EDAD00D345D8 /* CoreDataBookmarkStorage.swift in Sources */,
				72DDD36B2AB58C4E006C3887 /* RecentSearchRepository.swift in Sources */,
				72C427A92A8F35BF001C4237 /* UIImage+extension.swift in Sources */,
				720D9EE32A61143E0070EFEA /* SceneDelegate.swift in Sources */,
				72C427A22A8F34E1001C4237 /* WebConnactable.swift in Sources */,
			);
			runOnlyForDeploymentPostprocessing = 0;
		};
/* End PBXSourcesBuildPhase section */

/* Begin PBXTargetDependency section */
		7209EE1D2A66553200F2902A /* PBXTargetDependency */ = {
			isa = PBXTargetDependency;
			target = 720D9EDC2A61143E0070EFEA /* MyLOSTARK */;
			targetProxy = 7209EE1C2A66553200F2902A /* PBXContainerItemProxy */;
		};
/* End PBXTargetDependency section */

/* Begin PBXVariantGroup section */
		720D9EEB2A61143F0070EFEA /* LaunchScreen.storyboard */ = {
			isa = PBXVariantGroup;
			children = (
				720D9EEC2A61143F0070EFEA /* Base */,
			);
			name = LaunchScreen.storyboard;
			sourceTree = "<group>";
		};
/* End PBXVariantGroup section */

/* Begin XCBuildConfiguration section */
		7209EE1E2A66553200F2902A /* Debug */ = {
			isa = XCBuildConfiguration;
			buildSettings = {
				BUNDLE_LOADER = "$(TEST_HOST)";
				CODE_SIGN_STYLE = Automatic;
				CURRENT_PROJECT_VERSION = 1;
				GENERATE_INFOPLIST_FILE = YES;
				MARKETING_VERSION = 1.0;
				PRODUCT_BUNDLE_IDENTIFIER = com.DHoney96.APIServiceTest;
				PRODUCT_NAME = "$(TARGET_NAME)";
				SWIFT_EMIT_LOC_STRINGS = NO;
				SWIFT_VERSION = 5.0;
				TARGETED_DEVICE_FAMILY = "1,2";
				TEST_HOST = "$(BUILT_PRODUCTS_DIR)/MyLOSTARK.app/$(BUNDLE_EXECUTABLE_FOLDER_PATH)/MyLOSTARK";
			};
			name = Debug;
		};
		7209EE1F2A66553200F2902A /* Release */ = {
			isa = XCBuildConfiguration;
			buildSettings = {
				BUNDLE_LOADER = "$(TEST_HOST)";
				CODE_SIGN_STYLE = Automatic;
				CURRENT_PROJECT_VERSION = 1;
				GENERATE_INFOPLIST_FILE = YES;
				MARKETING_VERSION = 1.0;
				PRODUCT_BUNDLE_IDENTIFIER = com.DHoney96.APIServiceTest;
				PRODUCT_NAME = "$(TARGET_NAME)";
				SWIFT_EMIT_LOC_STRINGS = NO;
				SWIFT_VERSION = 5.0;
				TARGETED_DEVICE_FAMILY = "1,2";
				TEST_HOST = "$(BUILT_PRODUCTS_DIR)/MyLOSTARK.app/$(BUNDLE_EXECUTABLE_FOLDER_PATH)/MyLOSTARK";
			};
			name = Release;
		};
		720D9EEF2A61143F0070EFEA /* Debug */ = {
			isa = XCBuildConfiguration;
			buildSettings = {
				ALWAYS_SEARCH_USER_PATHS = NO;
				CLANG_ANALYZER_NONNULL = YES;
				CLANG_ANALYZER_NUMBER_OBJECT_CONVERSION = YES_AGGRESSIVE;
				CLANG_CXX_LANGUAGE_STANDARD = "gnu++20";
				CLANG_ENABLE_MODULES = YES;
				CLANG_ENABLE_OBJC_ARC = YES;
				CLANG_ENABLE_OBJC_WEAK = YES;
				CLANG_WARN_BLOCK_CAPTURE_AUTORELEASING = YES;
				CLANG_WARN_BOOL_CONVERSION = YES;
				CLANG_WARN_COMMA = YES;
				CLANG_WARN_CONSTANT_CONVERSION = YES;
				CLANG_WARN_DEPRECATED_OBJC_IMPLEMENTATIONS = YES;
				CLANG_WARN_DIRECT_OBJC_ISA_USAGE = YES_ERROR;
				CLANG_WARN_DOCUMENTATION_COMMENTS = YES;
				CLANG_WARN_EMPTY_BODY = YES;
				CLANG_WARN_ENUM_CONVERSION = YES;
				CLANG_WARN_INFINITE_RECURSION = YES;
				CLANG_WARN_INT_CONVERSION = YES;
				CLANG_WARN_NON_LITERAL_NULL_CONVERSION = YES;
				CLANG_WARN_OBJC_IMPLICIT_RETAIN_SELF = YES;
				CLANG_WARN_OBJC_LITERAL_CONVERSION = YES;
				CLANG_WARN_OBJC_ROOT_CLASS = YES_ERROR;
				CLANG_WARN_QUOTED_INCLUDE_IN_FRAMEWORK_HEADER = YES;
				CLANG_WARN_RANGE_LOOP_ANALYSIS = YES;
				CLANG_WARN_STRICT_PROTOTYPES = YES;
				CLANG_WARN_SUSPICIOUS_MOVE = YES;
				CLANG_WARN_UNGUARDED_AVAILABILITY = YES_AGGRESSIVE;
				CLANG_WARN_UNREACHABLE_CODE = YES;
				CLANG_WARN__DUPLICATE_METHOD_MATCH = YES;
				COPY_PHASE_STRIP = NO;
				DEBUG_INFORMATION_FORMAT = dwarf;
				ENABLE_STRICT_OBJC_MSGSEND = YES;
				ENABLE_TESTABILITY = YES;
				GCC_C_LANGUAGE_STANDARD = gnu11;
				GCC_DYNAMIC_NO_PIC = NO;
				GCC_NO_COMMON_BLOCKS = YES;
				GCC_OPTIMIZATION_LEVEL = 0;
				GCC_PREPROCESSOR_DEFINITIONS = (
					"DEBUG=1",
					"$(inherited)",
				);
				GCC_WARN_64_TO_32_BIT_CONVERSION = YES;
				GCC_WARN_ABOUT_RETURN_TYPE = YES_ERROR;
				GCC_WARN_UNDECLARED_SELECTOR = YES;
				GCC_WARN_UNINITIALIZED_AUTOS = YES_AGGRESSIVE;
				GCC_WARN_UNUSED_FUNCTION = YES;
				GCC_WARN_UNUSED_VARIABLE = YES;
				IPHONEOS_DEPLOYMENT_TARGET = 16.4;
				MTL_ENABLE_DEBUG_INFO = INCLUDE_SOURCE;
				MTL_FAST_MATH = YES;
				ONLY_ACTIVE_ARCH = YES;
				SDKROOT = iphoneos;
				SWIFT_ACTIVE_COMPILATION_CONDITIONS = DEBUG;
				SWIFT_OPTIMIZATION_LEVEL = "-Onone";
			};
			name = Debug;
		};
		720D9EF02A61143F0070EFEA /* Release */ = {
			isa = XCBuildConfiguration;
			buildSettings = {
				ALWAYS_SEARCH_USER_PATHS = NO;
				CLANG_ANALYZER_NONNULL = YES;
				CLANG_ANALYZER_NUMBER_OBJECT_CONVERSION = YES_AGGRESSIVE;
				CLANG_CXX_LANGUAGE_STANDARD = "gnu++20";
				CLANG_ENABLE_MODULES = YES;
				CLANG_ENABLE_OBJC_ARC = YES;
				CLANG_ENABLE_OBJC_WEAK = YES;
				CLANG_WARN_BLOCK_CAPTURE_AUTORELEASING = YES;
				CLANG_WARN_BOOL_CONVERSION = YES;
				CLANG_WARN_COMMA = YES;
				CLANG_WARN_CONSTANT_CONVERSION = YES;
				CLANG_WARN_DEPRECATED_OBJC_IMPLEMENTATIONS = YES;
				CLANG_WARN_DIRECT_OBJC_ISA_USAGE = YES_ERROR;
				CLANG_WARN_DOCUMENTATION_COMMENTS = YES;
				CLANG_WARN_EMPTY_BODY = YES;
				CLANG_WARN_ENUM_CONVERSION = YES;
				CLANG_WARN_INFINITE_RECURSION = YES;
				CLANG_WARN_INT_CONVERSION = YES;
				CLANG_WARN_NON_LITERAL_NULL_CONVERSION = YES;
				CLANG_WARN_OBJC_IMPLICIT_RETAIN_SELF = YES;
				CLANG_WARN_OBJC_LITERAL_CONVERSION = YES;
				CLANG_WARN_OBJC_ROOT_CLASS = YES_ERROR;
				CLANG_WARN_QUOTED_INCLUDE_IN_FRAMEWORK_HEADER = YES;
				CLANG_WARN_RANGE_LOOP_ANALYSIS = YES;
				CLANG_WARN_STRICT_PROTOTYPES = YES;
				CLANG_WARN_SUSPICIOUS_MOVE = YES;
				CLANG_WARN_UNGUARDED_AVAILABILITY = YES_AGGRESSIVE;
				CLANG_WARN_UNREACHABLE_CODE = YES;
				CLANG_WARN__DUPLICATE_METHOD_MATCH = YES;
				COPY_PHASE_STRIP = NO;
				DEBUG_INFORMATION_FORMAT = "dwarf-with-dsym";
				ENABLE_NS_ASSERTIONS = NO;
				ENABLE_STRICT_OBJC_MSGSEND = YES;
				GCC_C_LANGUAGE_STANDARD = gnu11;
				GCC_NO_COMMON_BLOCKS = YES;
				GCC_WARN_64_TO_32_BIT_CONVERSION = YES;
				GCC_WARN_ABOUT_RETURN_TYPE = YES_ERROR;
				GCC_WARN_UNDECLARED_SELECTOR = YES;
				GCC_WARN_UNINITIALIZED_AUTOS = YES_AGGRESSIVE;
				GCC_WARN_UNUSED_FUNCTION = YES;
				GCC_WARN_UNUSED_VARIABLE = YES;
				IPHONEOS_DEPLOYMENT_TARGET = 16.4;
				MTL_ENABLE_DEBUG_INFO = NO;
				MTL_FAST_MATH = YES;
				SDKROOT = iphoneos;
				SWIFT_COMPILATION_MODE = wholemodule;
				SWIFT_OPTIMIZATION_LEVEL = "-O";
				VALIDATE_PRODUCT = YES;
			};
			name = Release;
		};
		720D9EF22A61143F0070EFEA /* Debug */ = {
			isa = XCBuildConfiguration;
			buildSettings = {
				ASSETCATALOG_COMPILER_APPICON_NAME = AppIcon;
				ASSETCATALOG_COMPILER_GLOBAL_ACCENT_COLOR_NAME = AccentColor;
				CODE_SIGN_STYLE = Automatic;
				CURRENT_PROJECT_VERSION = 1;
				GENERATE_INFOPLIST_FILE = YES;
				INFOPLIST_FILE = MyLOSTARK/Info.plist;
				INFOPLIST_KEY_UIApplicationSupportsIndirectInputEvents = YES;
				INFOPLIST_KEY_UILaunchStoryboardName = LaunchScreen;
				INFOPLIST_KEY_UISupportedInterfaceOrientations = UIInterfaceOrientationPortrait;
				INFOPLIST_KEY_UISupportedInterfaceOrientations_iPad = "UIInterfaceOrientationLandscapeLeft UIInterfaceOrientationLandscapeRight UIInterfaceOrientationPortrait UIInterfaceOrientationPortraitUpsideDown";
				LD_RUNPATH_SEARCH_PATHS = (
					"$(inherited)",
					"@executable_path/Frameworks",
				);
				MARKETING_VERSION = 1.0;
				PRODUCT_BUNDLE_IDENTIFIER = com.DHoney96.MyLOSTARK;
				PRODUCT_NAME = "$(TARGET_NAME)";
				SUPPORTED_PLATFORMS = "iphoneos iphonesimulator";
				SUPPORTS_MACCATALYST = NO;
				SUPPORTS_MAC_DESIGNED_FOR_IPHONE_IPAD = NO;
				SWIFT_EMIT_LOC_STRINGS = YES;
				SWIFT_VERSION = 5.0;
				TARGETED_DEVICE_FAMILY = 1;
			};
			name = Debug;
		};
		720D9EF32A61143F0070EFEA /* Release */ = {
			isa = XCBuildConfiguration;
			buildSettings = {
				ASSETCATALOG_COMPILER_APPICON_NAME = AppIcon;
				ASSETCATALOG_COMPILER_GLOBAL_ACCENT_COLOR_NAME = AccentColor;
				CODE_SIGN_STYLE = Automatic;
				CURRENT_PROJECT_VERSION = 1;
				GENERATE_INFOPLIST_FILE = YES;
				INFOPLIST_FILE = MyLOSTARK/Info.plist;
				INFOPLIST_KEY_UIApplicationSupportsIndirectInputEvents = YES;
				INFOPLIST_KEY_UILaunchStoryboardName = LaunchScreen;
				INFOPLIST_KEY_UISupportedInterfaceOrientations = UIInterfaceOrientationPortrait;
				INFOPLIST_KEY_UISupportedInterfaceOrientations_iPad = "UIInterfaceOrientationLandscapeLeft UIInterfaceOrientationLandscapeRight UIInterfaceOrientationPortrait UIInterfaceOrientationPortraitUpsideDown";
				LD_RUNPATH_SEARCH_PATHS = (
					"$(inherited)",
					"@executable_path/Frameworks",
				);
				MARKETING_VERSION = 1.0;
				PRODUCT_BUNDLE_IDENTIFIER = com.DHoney96.MyLOSTARK;
				PRODUCT_NAME = "$(TARGET_NAME)";
				SUPPORTED_PLATFORMS = "iphoneos iphonesimulator";
				SUPPORTS_MACCATALYST = NO;
				SUPPORTS_MAC_DESIGNED_FOR_IPHONE_IPAD = NO;
				SWIFT_EMIT_LOC_STRINGS = YES;
				SWIFT_VERSION = 5.0;
				TARGETED_DEVICE_FAMILY = 1;
			};
			name = Release;
		};
/* End XCBuildConfiguration section */

/* Begin XCConfigurationList section */
		7209EE202A66553200F2902A /* Build configuration list for PBXNativeTarget "APIServiceTest" */ = {
			isa = XCConfigurationList;
			buildConfigurations = (
				7209EE1E2A66553200F2902A /* Debug */,
				7209EE1F2A66553200F2902A /* Release */,
			);
			defaultConfigurationIsVisible = 0;
			defaultConfigurationName = Release;
		};
		720D9ED82A61143E0070EFEA /* Build configuration list for PBXProject "MyLOSTARK" */ = {
			isa = XCConfigurationList;
			buildConfigurations = (
				720D9EEF2A61143F0070EFEA /* Debug */,
				720D9EF02A61143F0070EFEA /* Release */,
			);
			defaultConfigurationIsVisible = 0;
			defaultConfigurationName = Release;
		};
		720D9EF12A61143F0070EFEA /* Build configuration list for PBXNativeTarget "MyLOSTARK" */ = {
			isa = XCConfigurationList;
			buildConfigurations = (
				720D9EF22A61143F0070EFEA /* Debug */,
				720D9EF32A61143F0070EFEA /* Release */,
			);
			defaultConfigurationIsVisible = 0;
			defaultConfigurationName = Release;
		};
/* End XCConfigurationList section */

/* Begin XCVersionGroup section */
		72CD89B42A9C7DCF0001ABC9 /* SimpleCharacterInfo.xcdatamodeld */ = {
			isa = XCVersionGroup;
			children = (
				72CD89B52A9C7DCF0001ABC9 /* SimpleCharacterInfo.xcdatamodel */,
			);
			currentVersion = 72CD89B52A9C7DCF0001ABC9 /* SimpleCharacterInfo.xcdatamodel */;
			path = SimpleCharacterInfo.xcdatamodeld;
			sourceTree = "<group>";
			versionGroupType = wrapper.xcdatamodel;
		};
/* End XCVersionGroup section */
	};
	rootObject = 720D9ED52A61143E0070EFEA /* Project object */;
}
