// !$*UTF8*$!
{
	archiveVersion = 1;
	classes = {
	};
	objectVersion = 56;
	objects = {

/* Begin PBXBuildFile section */
		7209EE1B2A66553200F2902A /* APIServiceTest.swift in Sources */ = {isa = PBXBuildFile; fileRef = 7209EE1A2A66553200F2902A /* APIServiceTest.swift */; };
		7209EE222A66554800F2902A /* MockURLSession.swift in Sources */ = {isa = PBXBuildFile; fileRef = 7209EE212A66554800F2902A /* MockURLSession.swift */; };
		7209EE252A6656D800F2902A /* URLSessionProtocol.swift in Sources */ = {isa = PBXBuildFile; fileRef = 7209EE232A66557700F2902A /* URLSessionProtocol.swift */; };
		7209EE262A66572800F2902A /* URLSessionProtocol.swift in Sources */ = {isa = PBXBuildFile; fileRef = 7209EE232A66557700F2902A /* URLSessionProtocol.swift */; };
		7209EE282A6660B000F2902A /* MockContentsData.json in Resources */ = {isa = PBXBuildFile; fileRef = 7209EE272A6660B000F2902A /* MockContentsData.json */; };
		7209EE292A6664F000F2902A /* NetworkManager.swift in Sources */ = {isa = PBXBuildFile; fileRef = 72C38C6A2A62668A005C3F7D /* NetworkManager.swift */; };
		7209EE2A2A6664FD00F2902A /* JSONManager.swift in Sources */ = {isa = PBXBuildFile; fileRef = 72520AF12A64E1A2001B8266 /* JSONManager.swift */; };
		7209EE2B2A66650100F2902A /* EndPoint.swift in Sources */ = {isa = PBXBuildFile; fileRef = 720D9EFC2A611FF60070EFEA /* EndPoint.swift */; };
		7209EE2C2A66650400F2902A /* EndPointComponents.swift in Sources */ = {isa = PBXBuildFile; fileRef = 72520AEF2A64E179001B8266 /* EndPointComponents.swift */; };
		7209EE2E2A66657D00F2902A /* LOSTARKAPIService.swift in Sources */ = {isa = PBXBuildFile; fileRef = 72520AED2A64D0C1001B8266 /* LOSTARKAPIService.swift */; };
		7209EE312A666E5500F2902A /* MockContentsData.json in Resources */ = {isa = PBXBuildFile; fileRef = 7209EE272A6660B000F2902A /* MockContentsData.json */; };
		720D9EE12A61143E0070EFEA /* AppDelegate.swift in Sources */ = {isa = PBXBuildFile; fileRef = 720D9EE02A61143E0070EFEA /* AppDelegate.swift */; };
		720D9EE32A61143E0070EFEA /* SceneDelegate.swift in Sources */ = {isa = PBXBuildFile; fileRef = 720D9EE22A61143E0070EFEA /* SceneDelegate.swift */; };
		720D9EE52A61143E0070EFEA /* MainViewController.swift in Sources */ = {isa = PBXBuildFile; fileRef = 720D9EE42A61143E0070EFEA /* MainViewController.swift */; };
		720D9EEA2A61143F0070EFEA /* Assets.xcassets in Resources */ = {isa = PBXBuildFile; fileRef = 720D9EE92A61143F0070EFEA /* Assets.xcassets */; };
		720D9EED2A61143F0070EFEA /* LaunchScreen.storyboard in Resources */ = {isa = PBXBuildFile; fileRef = 720D9EEB2A61143F0070EFEA /* LaunchScreen.storyboard */; };
		720D9EFD2A611FF60070EFEA /* EndPoint.swift in Sources */ = {isa = PBXBuildFile; fileRef = 720D9EFC2A611FF60070EFEA /* EndPoint.swift */; };
		722C3BCC2A678A8800E91914 /* MainViewModel.swift in Sources */ = {isa = PBXBuildFile; fileRef = 722C3BCB2A678A8800E91914 /* MainViewModel.swift */; };
		722C3BE62A67ABBE00E91914 /* ShopNotice.swift in Sources */ = {isa = PBXBuildFile; fileRef = 722C3BE32A67ABBE00E91914 /* ShopNotice.swift */; };
		722C3BE72A67ABBE00E91914 /* Event.swift in Sources */ = {isa = PBXBuildFile; fileRef = 722C3BE42A67ABBE00E91914 /* Event.swift */; };
		722C3BE82A67ABBE00E91914 /* Contents.swift in Sources */ = {isa = PBXBuildFile; fileRef = 722C3BE52A67ABBE00E91914 /* Contents.swift */; };
		72520AEE2A64D0C1001B8266 /* LOSTARKAPIService.swift in Sources */ = {isa = PBXBuildFile; fileRef = 72520AED2A64D0C1001B8266 /* LOSTARKAPIService.swift */; };
		72520AF02A64E179001B8266 /* EndPointComponents.swift in Sources */ = {isa = PBXBuildFile; fileRef = 72520AEF2A64E179001B8266 /* EndPointComponents.swift */; };
		72520AF22A64E1A2001B8266 /* JSONManager.swift in Sources */ = {isa = PBXBuildFile; fileRef = 72520AF12A64E1A2001B8266 /* JSONManager.swift */; };
		72B02BD62A6E79EB00D5E146 /* ImageLoader.swift in Sources */ = {isa = PBXBuildFile; fileRef = 72B02BD52A6E79EB00D5E146 /* ImageLoader.swift */; };
		72C38C6B2A62668A005C3F7D /* NetworkManager.swift in Sources */ = {isa = PBXBuildFile; fileRef = 72C38C6A2A62668A005C3F7D /* NetworkManager.swift */; };
		72C47B602A6900CD007A16D1 /* MainCollectionView.swift in Sources */ = {isa = PBXBuildFile; fileRef = 72C47B5F2A6900CD007A16D1 /* MainCollectionView.swift */; };
		72C47B632A690433007A16D1 /* CommonHeaderView.swift in Sources */ = {isa = PBXBuildFile; fileRef = 72C47B622A690433007A16D1 /* CommonHeaderView.swift */; };
		72E589392A6A336C00604BA8 /* VStackImageLabelCell.swift in Sources */ = {isa = PBXBuildFile; fileRef = 72E589382A6A336C00604BA8 /* VStackImageLabelCell.swift */; };
/* End PBXBuildFile section */

/* Begin PBXContainerItemProxy section */
		7209EE1C2A66553200F2902A /* PBXContainerItemProxy */ = {
			isa = PBXContainerItemProxy;
			containerPortal = 720D9ED52A61143E0070EFEA /* Project object */;
			proxyType = 1;
			remoteGlobalIDString = 720D9EDC2A61143E0070EFEA;
			remoteInfo = MyLOSTARK;
		};
/* End PBXContainerItemProxy section */

/* Begin PBXFileReference section */
		7209EE182A66553200F2902A /* APIServiceTest.xctest */ = {isa = PBXFileReference; explicitFileType = wrapper.cfbundle; includeInIndex = 0; path = APIServiceTest.xctest; sourceTree = BUILT_PRODUCTS_DIR; };
		7209EE1A2A66553200F2902A /* APIServiceTest.swift */ = {isa = PBXFileReference; lastKnownFileType = sourcecode.swift; path = APIServiceTest.swift; sourceTree = "<group>"; };
		7209EE212A66554800F2902A /* MockURLSession.swift */ = {isa = PBXFileReference; lastKnownFileType = sourcecode.swift; path = MockURLSession.swift; sourceTree = "<group>"; };
		7209EE232A66557700F2902A /* URLSessionProtocol.swift */ = {isa = PBXFileReference; lastKnownFileType = sourcecode.swift; path = URLSessionProtocol.swift; sourceTree = "<group>"; };
		7209EE272A6660B000F2902A /* MockContentsData.json */ = {isa = PBXFileReference; fileEncoding = 4; lastKnownFileType = text.json; path = MockContentsData.json; sourceTree = "<group>"; };
		720D9EDD2A61143E0070EFEA /* MyLOSTARK.app */ = {isa = PBXFileReference; explicitFileType = wrapper.application; includeInIndex = 0; path = MyLOSTARK.app; sourceTree = BUILT_PRODUCTS_DIR; };
		720D9EE02A61143E0070EFEA /* AppDelegate.swift */ = {isa = PBXFileReference; lastKnownFileType = sourcecode.swift; path = AppDelegate.swift; sourceTree = "<group>"; };
		720D9EE22A61143E0070EFEA /* SceneDelegate.swift */ = {isa = PBXFileReference; lastKnownFileType = sourcecode.swift; path = SceneDelegate.swift; sourceTree = "<group>"; };
		720D9EE42A61143E0070EFEA /* MainViewController.swift */ = {isa = PBXFileReference; lastKnownFileType = sourcecode.swift; path = MainViewController.swift; sourceTree = "<group>"; };
		720D9EE92A61143F0070EFEA /* Assets.xcassets */ = {isa = PBXFileReference; lastKnownFileType = folder.assetcatalog; path = Assets.xcassets; sourceTree = "<group>"; };
		720D9EEC2A61143F0070EFEA /* Base */ = {isa = PBXFileReference; lastKnownFileType = file.storyboard; name = Base; path = Base.lproj/LaunchScreen.storyboard; sourceTree = "<group>"; };
		720D9EEE2A61143F0070EFEA /* Info.plist */ = {isa = PBXFileReference; lastKnownFileType = text.plist.xml; path = Info.plist; sourceTree = "<group>"; };
		720D9EFC2A611FF60070EFEA /* EndPoint.swift */ = {isa = PBXFileReference; lastKnownFileType = sourcecode.swift; path = EndPoint.swift; sourceTree = "<group>"; };
		722C3BCB2A678A8800E91914 /* MainViewModel.swift */ = {isa = PBXFileReference; lastKnownFileType = sourcecode.swift; path = MainViewModel.swift; sourceTree = "<group>"; };
		722C3BE32A67ABBE00E91914 /* ShopNotice.swift */ = {isa = PBXFileReference; fileEncoding = 4; lastKnownFileType = sourcecode.swift; path = ShopNotice.swift; sourceTree = "<group>"; };
		722C3BE42A67ABBE00E91914 /* Event.swift */ = {isa = PBXFileReference; fileEncoding = 4; lastKnownFileType = sourcecode.swift; path = Event.swift; sourceTree = "<group>"; };
		722C3BE52A67ABBE00E91914 /* Contents.swift */ = {isa = PBXFileReference; fileEncoding = 4; lastKnownFileType = sourcecode.swift; path = Contents.swift; sourceTree = "<group>"; };
		72520AED2A64D0C1001B8266 /* LOSTARKAPIService.swift */ = {isa = PBXFileReference; lastKnownFileType = sourcecode.swift; path = LOSTARKAPIService.swift; sourceTree = "<group>"; };
		72520AEF2A64E179001B8266 /* EndPointComponents.swift */ = {isa = PBXFileReference; lastKnownFileType = sourcecode.swift; path = EndPointComponents.swift; sourceTree = "<group>"; };
		72520AF12A64E1A2001B8266 /* JSONManager.swift */ = {isa = PBXFileReference; lastKnownFileType = sourcecode.swift; path = JSONManager.swift; sourceTree = "<group>"; };
		72B02BD52A6E79EB00D5E146 /* ImageLoader.swift */ = {isa = PBXFileReference; lastKnownFileType = sourcecode.swift; path = ImageLoader.swift; sourceTree = "<group>"; };
		72C38C6A2A62668A005C3F7D /* NetworkManager.swift */ = {isa = PBXFileReference; lastKnownFileType = sourcecode.swift; path = NetworkManager.swift; sourceTree = "<group>"; };
		72C47B5F2A6900CD007A16D1 /* MainCollectionView.swift */ = {isa = PBXFileReference; lastKnownFileType = sourcecode.swift; path = MainCollectionView.swift; sourceTree = "<group>"; };
		72C47B622A690433007A16D1 /* CommonHeaderView.swift */ = {isa = PBXFileReference; lastKnownFileType = sourcecode.swift; path = CommonHeaderView.swift; sourceTree = "<group>"; };
		72E589382A6A336C00604BA8 /* VStackImageLabelCell.swift */ = {isa = PBXFileReference; lastKnownFileType = sourcecode.swift; path = VStackImageLabelCell.swift; sourceTree = "<group>"; };
/* End PBXFileReference section */

/* Begin PBXFrameworksBuildPhase section */
		7209EE152A66553200F2902A /* Frameworks */ = {
			isa = PBXFrameworksBuildPhase;
			buildActionMask = 2147483647;
			files = (
			);
			runOnlyForDeploymentPostprocessing = 0;
		};
		720D9EDA2A61143E0070EFEA /* Frameworks */ = {
			isa = PBXFrameworksBuildPhase;
			buildActionMask = 2147483647;
			files = (
			);
			runOnlyForDeploymentPostprocessing = 0;
		};
/* End PBXFrameworksBuildPhase section */

/* Begin PBXGroup section */
		7209EE192A66553200F2902A /* APIServiceTest */ = {
			isa = PBXGroup;
			children = (
				7209EE272A6660B000F2902A /* MockContentsData.json */,
				7209EE212A66554800F2902A /* MockURLSession.swift */,
				7209EE1A2A66553200F2902A /* APIServiceTest.swift */,
			);
			path = APIServiceTest;
			sourceTree = "<group>";
		};
		720D9ED42A61143E0070EFEA = {
			isa = PBXGroup;
			children = (
				720D9EDF2A61143E0070EFEA /* MyLOSTARK */,
				7209EE192A66553200F2902A /* APIServiceTest */,
				720D9EDE2A61143E0070EFEA /* Products */,
			);
			sourceTree = "<group>";
		};
		720D9EDE2A61143E0070EFEA /* Products */ = {
			isa = PBXGroup;
			children = (
				720D9EDD2A61143E0070EFEA /* MyLOSTARK.app */,
				7209EE182A66553200F2902A /* APIServiceTest.xctest */,
			);
			name = Products;
			sourceTree = "<group>";
		};
		720D9EDF2A61143E0070EFEA /* MyLOSTARK */ = {
			isa = PBXGroup;
			children = (
				720D9EE02A61143E0070EFEA /* AppDelegate.swift */,
				720D9EE22A61143E0070EFEA /* SceneDelegate.swift */,
				72520AF62A64F674001B8266 /* Utility */,
				720D9EFB2A611FE50070EFEA /* Network */,
				720D9EF42A6116090070EFEA /* Model */,
				722C3BCA2A678A7000E91914 /* ViewModel */,
				720D9EE42A61143E0070EFEA /* MainViewController.swift */,
				72C47B5F2A6900CD007A16D1 /* MainCollectionView.swift */,
				72C47B622A690433007A16D1 /* CommonHeaderView.swift */,
				72E589382A6A336C00604BA8 /* VStackImageLabelCell.swift */,
				720D9EE92A61143F0070EFEA /* Assets.xcassets */,
				720D9EEB2A61143F0070EFEA /* LaunchScreen.storyboard */,
				720D9EEE2A61143F0070EFEA /* Info.plist */,
			);
			path = MyLOSTARK;
			sourceTree = "<group>";
		};
		720D9EF42A6116090070EFEA /* Model */ = {
			isa = PBXGroup;
			children = (
				722C3BE22A67ABBE00E91914 /* DTO */,
				72520AF12A64E1A2001B8266 /* JSONManager.swift */,
			);
			path = Model;
			sourceTree = "<group>";
		};
		720D9EFB2A611FE50070EFEA /* Network */ = {
			isa = PBXGroup;
			children = (
				7209EE232A66557700F2902A /* URLSessionProtocol.swift */,
				720D9EFC2A611FF60070EFEA /* EndPoint.swift */,
				72520AEF2A64E179001B8266 /* EndPointComponents.swift */,
				72C38C6A2A62668A005C3F7D /* NetworkManager.swift */,
				72B02BD52A6E79EB00D5E146 /* ImageLoader.swift */,
			);
			path = Network;
			sourceTree = "<group>";
		};
		722C3BCA2A678A7000E91914 /* ViewModel */ = {
			isa = PBXGroup;
			children = (
				722C3BCB2A678A8800E91914 /* MainViewModel.swift */,
			);
			path = ViewModel;
			sourceTree = "<group>";
		};
		722C3BE22A67ABBE00E91914 /* DTO */ = {
			isa = PBXGroup;
			children = (
				722C3BE32A67ABBE00E91914 /* ShopNotice.swift */,
				722C3BE42A67ABBE00E91914 /* Event.swift */,
				722C3BE52A67ABBE00E91914 /* Contents.swift */,
			);
			path = DTO;
			sourceTree = "<group>";
		};
		72520AF62A64F674001B8266 /* Utility */ = {
			isa = PBXGroup;
			children = (
				72520AED2A64D0C1001B8266 /* LOSTARKAPIService.swift */,
			);
			path = Utility;
			sourceTree = "<group>";
		};
/* End PBXGroup section */

/* Begin PBXNativeTarget section */
		7209EE172A66553200F2902A /* APIServiceTest */ = {
			isa = PBXNativeTarget;
			buildConfigurationList = 7209EE202A66553200F2902A /* Build configuration list for PBXNativeTarget "APIServiceTest" */;
			buildPhases = (
				7209EE142A66553200F2902A /* Sources */,
				7209EE152A66553200F2902A /* Frameworks */,
				7209EE162A66553200F2902A /* Resources */,
			);
			buildRules = (
			);
			dependencies = (
				7209EE1D2A66553200F2902A /* PBXTargetDependency */,
			);
			name = APIServiceTest;
			productName = APIServiceTest;
			productReference = 7209EE182A66553200F2902A /* APIServiceTest.xctest */;
			productType = "com.apple.product-type.bundle.unit-test";
		};
		720D9EDC2A61143E0070EFEA /* MyLOSTARK */ = {
			isa = PBXNativeTarget;
			buildConfigurationList = 720D9EF12A61143F0070EFEA /* Build configuration list for PBXNativeTarget "MyLOSTARK" */;
			buildPhases = (
				720D9ED92A61143E0070EFEA /* Sources */,
				720D9EDA2A61143E0070EFEA /* Frameworks */,
				720D9EDB2A61143E0070EFEA /* Resources */,
			);
			buildRules = (
			);
			dependencies = (
			);
			name = MyLOSTARK;
			productName = MyLOSTARK;
			productReference = 720D9EDD2A61143E0070EFEA /* MyLOSTARK.app */;
			productType = "com.apple.product-type.application";
		};
/* End PBXNativeTarget section */

/* Begin PBXProject section */
		720D9ED52A61143E0070EFEA /* Project object */ = {
			isa = PBXProject;
			attributes = {
				BuildIndependentTargetsInParallel = 1;
				LastSwiftUpdateCheck = 1430;
				LastUpgradeCheck = 1430;
				TargetAttributes = {
					7209EE172A66553200F2902A = {
						CreatedOnToolsVersion = 14.3.1;
						TestTargetID = 720D9EDC2A61143E0070EFEA;
					};
					720D9EDC2A61143E0070EFEA = {
						CreatedOnToolsVersion = 14.3.1;
					};
				};
			};
			buildConfigurationList = 720D9ED82A61143E0070EFEA /* Build configuration list for PBXProject "MyLOSTARK" */;
			compatibilityVersion = "Xcode 14.0";
			developmentRegion = en;
			hasScannedForEncodings = 0;
			knownRegions = (
				en,
				Base,
			);
			mainGroup = 720D9ED42A61143E0070EFEA;
			productRefGroup = 720D9EDE2A61143E0070EFEA /* Products */;
			projectDirPath = "";
			projectRoot = "";
			targets = (
				720D9EDC2A61143E0070EFEA /* MyLOSTARK */,
				7209EE172A66553200F2902A /* APIServiceTest */,
			);
		};
/* End PBXProject section */

/* Begin PBXResourcesBuildPhase section */
		7209EE162A66553200F2902A /* Resources */ = {
			isa = PBXResourcesBuildPhase;
			buildActionMask = 2147483647;
			files = (
				7209EE282A6660B000F2902A /* MockContentsData.json in Resources */,
			);
			runOnlyForDeploymentPostprocessing = 0;
		};
		720D9EDB2A61143E0070EFEA /* Resources */ = {
			isa = PBXResourcesBuildPhase;
			buildActionMask = 2147483647;
			files = (
				720D9EED2A61143F0070EFEA /* LaunchScreen.storyboard in Resources */,
				7209EE312A666E5500F2902A /* MockContentsData.json in Resources */,
				720D9EEA2A61143F0070EFEA /* Assets.xcassets in Resources */,
			);
			runOnlyForDeploymentPostprocessing = 0;
		};
/* End PBXResourcesBuildPhase section */

/* Begin PBXSourcesBuildPhase section */
		7209EE142A66553200F2902A /* Sources */ = {
			isa = PBXSourcesBuildPhase;
			buildActionMask = 2147483647;
			files = (
				7209EE2B2A66650100F2902A /* EndPoint.swift in Sources */,
				7209EE2E2A66657D00F2902A /* LOSTARKAPIService.swift in Sources */,
				7209EE2C2A66650400F2902A /* EndPointComponents.swift in Sources */,
				7209EE292A6664F000F2902A /* NetworkManager.swift in Sources */,
				7209EE262A66572800F2902A /* URLSessionProtocol.swift in Sources */,
				7209EE222A66554800F2902A /* MockURLSession.swift in Sources */,
				7209EE2A2A6664FD00F2902A /* JSONManager.swift in Sources */,
				7209EE1B2A66553200F2902A /* APIServiceTest.swift in Sources */,
			);
			runOnlyForDeploymentPostprocessing = 0;
		};
		720D9ED92A61143E0070EFEA /* Sources */ = {
			isa = PBXSourcesBuildPhase;
			buildActionMask = 2147483647;
			files = (
				7209EE252A6656D800F2902A /* URLSessionProtocol.swift in Sources */,
				72C47B602A6900CD007A16D1 /* MainCollectionView.swift in Sources */,
				720D9EE52A61143E0070EFEA /* MainViewController.swift in Sources */,
				72520AF22A64E1A2001B8266 /* JSONManager.swift in Sources */,
				72E589392A6A336C00604BA8 /* VStackImageLabelCell.swift in Sources */,
				72520AEE2A64D0C1001B8266 /* LOSTARKAPIService.swift in Sources */,
				722C3BE72A67ABBE00E91914 /* Event.swift in Sources */,
				722C3BCC2A678A8800E91914 /* MainViewModel.swift in Sources */,
				722C3BE62A67ABBE00E91914 /* ShopNotice.swift in Sources */,
				72C47B632A690433007A16D1 /* CommonHeaderView.swift in Sources */,
				722C3BE82A67ABBE00E91914 /* Contents.swift in Sources */,
				72B02BD62A6E79EB00D5E146 /* ImageLoader.swift in Sources */,
				720D9EE12A61143E0070EFEA /* AppDelegate.swift in Sources */,
				72C38C6B2A62668A005C3F7D /* NetworkManager.swift in Sources */,
				72520AF02A64E179001B8266 /* EndPointComponents.swift in Sources */,
				720D9EFD2A611FF60070EFEA /* EndPoint.swift in Sources */,
				720D9EE32A61143E0070EFEA /* SceneDelegate.swift in Sources */,
			);
			runOnlyForDeploymentPostprocessing = 0;
		};
/* End PBXSourcesBuildPhase section */

/* Begin PBXTargetDependency section */
		7209EE1D2A66553200F2902A /* PBXTargetDependency */ = {
			isa = PBXTargetDependency;
			target = 720D9EDC2A61143E0070EFEA /* MyLOSTARK */;
			targetProxy = 7209EE1C2A66553200F2902A /* PBXContainerItemProxy */;
		};
/* End PBXTargetDependency section */

/* Begin PBXVariantGroup section */
		720D9EEB2A61143F0070EFEA /* LaunchScreen.storyboard */ = {
			isa = PBXVariantGroup;
			children = (
				720D9EEC2A61143F0070EFEA /* Base */,
			);
			name = LaunchScreen.storyboard;
			sourceTree = "<group>";
		};
/* End PBXVariantGroup section */

/* Begin XCBuildConfiguration section */
		7209EE1E2A66553200F2902A /* Debug */ = {
			isa = XCBuildConfiguration;
			buildSettings = {
				BUNDLE_LOADER = "$(TEST_HOST)";
				CODE_SIGN_STYLE = Automatic;
				CURRENT_PROJECT_VERSION = 1;
				GENERATE_INFOPLIST_FILE = YES;
				MARKETING_VERSION = 1.0;
				PRODUCT_BUNDLE_IDENTIFIER = com.DHoney96.APIServiceTest;
				PRODUCT_NAME = "$(TARGET_NAME)";
				SWIFT_EMIT_LOC_STRINGS = NO;
				SWIFT_VERSION = 5.0;
				TARGETED_DEVICE_FAMILY = "1,2";
				TEST_HOST = "$(BUILT_PRODUCTS_DIR)/MyLOSTARK.app/$(BUNDLE_EXECUTABLE_FOLDER_PATH)/MyLOSTARK";
			};
			name = Debug;
		};
		7209EE1F2A66553200F2902A /* Release */ = {
			isa = XCBuildConfiguration;
			buildSettings = {
				BUNDLE_LOADER = "$(TEST_HOST)";
				CODE_SIGN_STYLE = Automatic;
				CURRENT_PROJECT_VERSION = 1;
				GENERATE_INFOPLIST_FILE = YES;
				MARKETING_VERSION = 1.0;
				PRODUCT_BUNDLE_IDENTIFIER = com.DHoney96.APIServiceTest;
				PRODUCT_NAME = "$(TARGET_NAME)";
				SWIFT_EMIT_LOC_STRINGS = NO;
				SWIFT_VERSION = 5.0;
				TARGETED_DEVICE_FAMILY = "1,2";
				TEST_HOST = "$(BUILT_PRODUCTS_DIR)/MyLOSTARK.app/$(BUNDLE_EXECUTABLE_FOLDER_PATH)/MyLOSTARK";
			};
			name = Release;
		};
		720D9EEF2A61143F0070EFEA /* Debug */ = {
			isa = XCBuildConfiguration;
			buildSettings = {
				ALWAYS_SEARCH_USER_PATHS = NO;
				CLANG_ANALYZER_NONNULL = YES;
				CLANG_ANALYZER_NUMBER_OBJECT_CONVERSION = YES_AGGRESSIVE;
				CLANG_CXX_LANGUAGE_STANDARD = "gnu++20";
				CLANG_ENABLE_MODULES = YES;
				CLANG_ENABLE_OBJC_ARC = YES;
				CLANG_ENABLE_OBJC_WEAK = YES;
				CLANG_WARN_BLOCK_CAPTURE_AUTORELEASING = YES;
				CLANG_WARN_BOOL_CONVERSION = YES;
				CLANG_WARN_COMMA = YES;
				CLANG_WARN_CONSTANT_CONVERSION = YES;
				CLANG_WARN_DEPRECATED_OBJC_IMPLEMENTATIONS = YES;
				CLANG_WARN_DIRECT_OBJC_ISA_USAGE = YES_ERROR;
				CLANG_WARN_DOCUMENTATION_COMMENTS = YES;
				CLANG_WARN_EMPTY_BODY = YES;
				CLANG_WARN_ENUM_CONVERSION = YES;
				CLANG_WARN_INFINITE_RECURSION = YES;
				CLANG_WARN_INT_CONVERSION = YES;
				CLANG_WARN_NON_LITERAL_NULL_CONVERSION = YES;
				CLANG_WARN_OBJC_IMPLICIT_RETAIN_SELF = YES;
				CLANG_WARN_OBJC_LITERAL_CONVERSION = YES;
				CLANG_WARN_OBJC_ROOT_CLASS = YES_ERROR;
				CLANG_WARN_QUOTED_INCLUDE_IN_FRAMEWORK_HEADER = YES;
				CLANG_WARN_RANGE_LOOP_ANALYSIS = YES;
				CLANG_WARN_STRICT_PROTOTYPES = YES;
				CLANG_WARN_SUSPICIOUS_MOVE = YES;
				CLANG_WARN_UNGUARDED_AVAILABILITY = YES_AGGRESSIVE;
				CLANG_WARN_UNREACHABLE_CODE = YES;
				CLANG_WARN__DUPLICATE_METHOD_MATCH = YES;
				COPY_PHASE_STRIP = NO;
				DEBUG_INFORMATION_FORMAT = dwarf;
				ENABLE_STRICT_OBJC_MSGSEND = YES;
				ENABLE_TESTABILITY = YES;
				GCC_C_LANGUAGE_STANDARD = gnu11;
				GCC_DYNAMIC_NO_PIC = NO;
				GCC_NO_COMMON_BLOCKS = YES;
				GCC_OPTIMIZATION_LEVEL = 0;
				GCC_PREPROCESSOR_DEFINITIONS = (
					"DEBUG=1",
					"$(inherited)",
				);
				GCC_WARN_64_TO_32_BIT_CONVERSION = YES;
				GCC_WARN_ABOUT_RETURN_TYPE = YES_ERROR;
				GCC_WARN_UNDECLARED_SELECTOR = YES;
				GCC_WARN_UNINITIALIZED_AUTOS = YES_AGGRESSIVE;
				GCC_WARN_UNUSED_FUNCTION = YES;
				GCC_WARN_UNUSED_VARIABLE = YES;
				IPHONEOS_DEPLOYMENT_TARGET = 16.4;
				MTL_ENABLE_DEBUG_INFO = INCLUDE_SOURCE;
				MTL_FAST_MATH = YES;
				ONLY_ACTIVE_ARCH = YES;
				SDKROOT = iphoneos;
				SWIFT_ACTIVE_COMPILATION_CONDITIONS = DEBUG;
				SWIFT_OPTIMIZATION_LEVEL = "-Onone";
			};
			name = Debug;
		};
		720D9EF02A61143F0070EFEA /* Release */ = {
			isa = XCBuildConfiguration;
			buildSettings = {
				ALWAYS_SEARCH_USER_PATHS = NO;
				CLANG_ANALYZER_NONNULL = YES;
				CLANG_ANALYZER_NUMBER_OBJECT_CONVERSION = YES_AGGRESSIVE;
				CLANG_CXX_LANGUAGE_STANDARD = "gnu++20";
				CLANG_ENABLE_MODULES = YES;
				CLANG_ENABLE_OBJC_ARC = YES;
				CLANG_ENABLE_OBJC_WEAK = YES;
				CLANG_WARN_BLOCK_CAPTURE_AUTORELEASING = YES;
				CLANG_WARN_BOOL_CONVERSION = YES;
				CLANG_WARN_COMMA = YES;
				CLANG_WARN_CONSTANT_CONVERSION = YES;
				CLANG_WARN_DEPRECATED_OBJC_IMPLEMENTATIONS = YES;
				CLANG_WARN_DIRECT_OBJC_ISA_USAGE = YES_ERROR;
				CLANG_WARN_DOCUMENTATION_COMMENTS = YES;
				CLANG_WARN_EMPTY_BODY = YES;
				CLANG_WARN_ENUM_CONVERSION = YES;
				CLANG_WARN_INFINITE_RECURSION = YES;
				CLANG_WARN_INT_CONVERSION = YES;
				CLANG_WARN_NON_LITERAL_NULL_CONVERSION = YES;
				CLANG_WARN_OBJC_IMPLICIT_RETAIN_SELF = YES;
				CLANG_WARN_OBJC_LITERAL_CONVERSION = YES;
				CLANG_WARN_OBJC_ROOT_CLASS = YES_ERROR;
				CLANG_WARN_QUOTED_INCLUDE_IN_FRAMEWORK_HEADER = YES;
				CLANG_WARN_RANGE_LOOP_ANALYSIS = YES;
				CLANG_WARN_STRICT_PROTOTYPES = YES;
				CLANG_WARN_SUSPICIOUS_MOVE = YES;
				CLANG_WARN_UNGUARDED_AVAILABILITY = YES_AGGRESSIVE;
				CLANG_WARN_UNREACHABLE_CODE = YES;
				CLANG_WARN__DUPLICATE_METHOD_MATCH = YES;
				COPY_PHASE_STRIP = NO;
				DEBUG_INFORMATION_FORMAT = "dwarf-with-dsym";
				ENABLE_NS_ASSERTIONS = NO;
				ENABLE_STRICT_OBJC_MSGSEND = YES;
				GCC_C_LANGUAGE_STANDARD = gnu11;
				GCC_NO_COMMON_BLOCKS = YES;
				GCC_WARN_64_TO_32_BIT_CONVERSION = YES;
				GCC_WARN_ABOUT_RETURN_TYPE = YES_ERROR;
				GCC_WARN_UNDECLARED_SELECTOR = YES;
				GCC_WARN_UNINITIALIZED_AUTOS = YES_AGGRESSIVE;
				GCC_WARN_UNUSED_FUNCTION = YES;
				GCC_WARN_UNUSED_VARIABLE = YES;
				IPHONEOS_DEPLOYMENT_TARGET = 16.4;
				MTL_ENABLE_DEBUG_INFO = NO;
				MTL_FAST_MATH = YES;
				SDKROOT = iphoneos;
				SWIFT_COMPILATION_MODE = wholemodule;
				SWIFT_OPTIMIZATION_LEVEL = "-O";
				VALIDATE_PRODUCT = YES;
			};
			name = Release;
		};
		720D9EF22A61143F0070EFEA /* Debug */ = {
			isa = XCBuildConfiguration;
			buildSettings = {
				ASSETCATALOG_COMPILER_APPICON_NAME = AppIcon;
				ASSETCATALOG_COMPILER_GLOBAL_ACCENT_COLOR_NAME = AccentColor;
				CODE_SIGN_STYLE = Automatic;
				CURRENT_PROJECT_VERSION = 1;
				GENERATE_INFOPLIST_FILE = YES;
				INFOPLIST_FILE = MyLOSTARK/Info.plist;
				INFOPLIST_KEY_UIApplicationSupportsIndirectInputEvents = YES;
				INFOPLIST_KEY_UILaunchStoryboardName = LaunchScreen;
				INFOPLIST_KEY_UISupportedInterfaceOrientations_iPad = "UIInterfaceOrientationPortrait UIInterfaceOrientationPortraitUpsideDown UIInterfaceOrientationLandscapeLeft UIInterfaceOrientationLandscapeRight";
				INFOPLIST_KEY_UISupportedInterfaceOrientations_iPhone = "UIInterfaceOrientationPortrait UIInterfaceOrientationLandscapeLeft UIInterfaceOrientationLandscapeRight";
				LD_RUNPATH_SEARCH_PATHS = (
					"$(inherited)",
					"@executable_path/Frameworks",
				);
				MARKETING_VERSION = 1.0;
				PRODUCT_BUNDLE_IDENTIFIER = com.DHoney96.MyLOSTARK;
				PRODUCT_NAME = "$(TARGET_NAME)";
				SUPPORTED_PLATFORMS = "iphoneos iphonesimulator";
				SUPPORTS_MACCATALYST = NO;
				SUPPORTS_MAC_DESIGNED_FOR_IPHONE_IPAD = NO;
				SWIFT_EMIT_LOC_STRINGS = YES;
				SWIFT_VERSION = 5.0;
				TARGETED_DEVICE_FAMILY = 1;
			};
			name = Debug;
		};
		720D9EF32A61143F0070EFEA /* Release */ = {
			isa = XCBuildConfiguration;
			buildSettings = {
				ASSETCATALOG_COMPILER_APPICON_NAME = AppIcon;
				ASSETCATALOG_COMPILER_GLOBAL_ACCENT_COLOR_NAME = AccentColor;
				CODE_SIGN_STYLE = Automatic;
				CURRENT_PROJECT_VERSION = 1;
				GENERATE_INFOPLIST_FILE = YES;
				INFOPLIST_FILE = MyLOSTARK/Info.plist;
				INFOPLIST_KEY_UIApplicationSupportsIndirectInputEvents = YES;
				INFOPLIST_KEY_UILaunchStoryboardName = LaunchScreen;
				INFOPLIST_KEY_UISupportedInterfaceOrientations_iPad = "UIInterfaceOrientationPortrait UIInterfaceOrientationPortraitUpsideDown UIInterfaceOrientationLandscapeLeft UIInterfaceOrientationLandscapeRight";
				INFOPLIST_KEY_UISupportedInterfaceOrientations_iPhone = "UIInterfaceOrientationPortrait UIInterfaceOrientationLandscapeLeft UIInterfaceOrientationLandscapeRight";
				LD_RUNPATH_SEARCH_PATHS = (
					"$(inherited)",
					"@executable_path/Frameworks",
				);
				MARKETING_VERSION = 1.0;
				PRODUCT_BUNDLE_IDENTIFIER = com.DHoney96.MyLOSTARK;
				PRODUCT_NAME = "$(TARGET_NAME)";
				SUPPORTED_PLATFORMS = "iphoneos iphonesimulator";
				SUPPORTS_MACCATALYST = NO;
				SUPPORTS_MAC_DESIGNED_FOR_IPHONE_IPAD = NO;
				SWIFT_EMIT_LOC_STRINGS = YES;
				SWIFT_VERSION = 5.0;
				TARGETED_DEVICE_FAMILY = 1;
			};
			name = Release;
		};
/* End XCBuildConfiguration section */

/* Begin XCConfigurationList section */
		7209EE202A66553200F2902A /* Build configuration list for PBXNativeTarget "APIServiceTest" */ = {
			isa = XCConfigurationList;
			buildConfigurations = (
				7209EE1E2A66553200F2902A /* Debug */,
				7209EE1F2A66553200F2902A /* Release */,
			);
			defaultConfigurationIsVisible = 0;
			defaultConfigurationName = Release;
		};
		720D9ED82A61143E0070EFEA /* Build configuration list for PBXProject "MyLOSTARK" */ = {
			isa = XCConfigurationList;
			buildConfigurations = (
				720D9EEF2A61143F0070EFEA /* Debug */,
				720D9EF02A61143F0070EFEA /* Release */,
			);
			defaultConfigurationIsVisible = 0;
			defaultConfigurationName = Release;
		};
		720D9EF12A61143F0070EFEA /* Build configuration list for PBXNativeTarget "MyLOSTARK" */ = {
			isa = XCConfigurationList;
			buildConfigurations = (
				720D9EF22A61143F0070EFEA /* Debug */,
				720D9EF32A61143F0070EFEA /* Release */,
			);
			defaultConfigurationIsVisible = 0;
			defaultConfigurationName = Release;
		};
/* End XCConfigurationList section */
	};
	rootObject = 720D9ED52A61143E0070EFEA /* Project object */;
}
